<?xml version="1.0" encoding="utf-8"?>
<Project ToolsVersion="4.0" xmlns="http://schemas.microsoft.com/developer/msbuild/2003">
  <ItemGroup>
    <Filter Include="Source Files">
      <UniqueIdentifier>{4FC737F1-C7A5-4376-A066-2A32D752A2FF}</UniqueIdentifier>
      <Extensions>cpp;c;cc;cxx;def;odl;idl;hpj;bat;asm;asmx</Extensions>
    </Filter>
    <Filter Include="Header Files">
      <UniqueIdentifier>{93995380-89BD-4b04-88EB-625FBE52EBFB}</UniqueIdentifier>
      <Extensions>h;hh;hpp;hxx;hm;inl;inc;xsd</Extensions>
    </Filter>
    <Filter Include="Resource Files">
      <UniqueIdentifier>{67DA6AB6-F800-4c08-8B7A-83BB121AAD01}</UniqueIdentifier>
      <Extensions>rc;ico;cur;bmp;dlg;rc2;rct;bin;rgs;gif;jpg;jpeg;jpe;resx;tiff;tif;png;wav;mfcribbon-ms</Extensions>
    </Filter>
    <Filter Include="FreeType">
      <UniqueIdentifier>{8b576eb3-b52f-4c6c-a546-9680b3f40136}</UniqueIdentifier>
    </Filter>
    <Filter Include="Source Files\EngineModule">
      <UniqueIdentifier>{fc51956f-9c3e-4683-8c97-b0f40afbca67}</UniqueIdentifier>
    </Filter>
  </ItemGroup>
  <ItemGroup>
    <ClInclude Include="stdafx.h">
      <Filter>Header Files</Filter>
    </ClInclude>
    <ClInclude Include="Font.h">
      <Filter>Header Files</Filter>
    </ClInclude>
    <ClInclude Include="XFontTexture.h">
      <Filter>Header Files</Filter>
    </ClInclude>
    <ClInclude Include="XGlyphCache.h">
      <Filter>Header Files</Filter>
    </ClInclude>
    <ClInclude Include="XNullfont.h">
      <Filter>Header Files</Filter>
    </ClInclude>
    <ClInclude Include="XFontRender.h">
      <Filter>Header Files</Filter>
    </ClInclude>
    <ClInclude Include="XGlyphBitmap.h">
      <Filter>Header Files</Filter>
    </ClInclude>
    <ClInclude Include="XFontSystem.h">
      <Filter>Header Files</Filter>
    </ClInclude>
  </ItemGroup>
  <ItemGroup>
    <ClCompile Include="stdafx.cpp">
      <Filter>Source Files</Filter>
    </ClCompile>
    <ClCompile Include="Font.cpp">
      <Filter>Source Files</Filter>
    </ClCompile>
    <ClCompile Include="XFontTexture.cpp">
      <Filter>Source Files</Filter>
    </ClCompile>
    <ClCompile Include="XGlyphCache.cpp">
      <Filter>Source Files</Filter>
    </ClCompile>
    <ClCompile Include="XNullfont.cpp">
      <Filter>Source Files</Filter>
    </ClCompile>
    <ClCompile Include="XFontRender.cpp">
      <Filter>Source Files</Filter>
    </ClCompile>
    <ClCompile Include="XGlyphBitmap.cpp">
      <Filter>Source Files</Filter>
    </ClCompile>
    <ClCompile Include="FontXml.cpp">
      <Filter>Source Files</Filter>
    </ClCompile>
    <ClCompile Include="Module.cpp">
      <Filter>Source Files\EngineModule</Filter>
    </ClCompile>
    <ClCompile Include="XFontSystem.cpp">
      <Filter>Source Files</Filter>
    </ClCompile>
  </ItemGroup>
  <ItemGroup>
    <None Include="XFontRender.inl">
      <Filter>Header Files</Filter>
    </None>
    <None Include="XFontTexture.inl">
      <Filter>Header Files</Filter>
    </None>
    <None Include="XGlyphCache.inl">
      <Filter>Header Files</Filter>
    </None>
    <None Include="XGlyphBitmap.inl">
      <Filter>Header Files</Filter>
    </None>
  </ItemGroup>
</Project>