<?xml version="1.0" encoding="utf-8"?>
<Project ToolsVersion="4.0" xmlns="http://schemas.microsoft.com/developer/msbuild/2003">
  <ItemGroup>
    <Filter Include="Source Files">
      <UniqueIdentifier>{4FC737F1-C7A5-4376-A066-2A32D752A2FF}</UniqueIdentifier>
      <Extensions>cpp;c;cc;cxx;def;odl;idl;hpj;bat;asm;asmx</Extensions>
    </Filter>
    <Filter Include="Header Files">
      <UniqueIdentifier>{93995380-89BD-4b04-88EB-625FBE52EBFB}</UniqueIdentifier>
      <Extensions>h;hh;hpp;hxx;hm;inl;inc;xsd</Extensions>
    </Filter>
    <Filter Include="Resource Files">
      <UniqueIdentifier>{67DA6AB6-F800-4c08-8B7A-83BB121AAD01}</UniqueIdentifier>
      <Extensions>rc;ico;cur;bmp;dlg;rc2;rct;bin;rgs;gif;jpg;jpeg;jpe;resx;tiff;tif;png;wav;mfcribbon-ms</Extensions>
    </Filter>
    <Filter Include="Source Files\EngineModule">
      <UniqueIdentifier>{fc51956f-9c3e-4683-8c97-b0f40afbca67}</UniqueIdentifier>
    </Filter>
    <Filter Include="Header Files\FontRender">
      <UniqueIdentifier>{a967f1d4-4f47-47aa-beff-a760c113201f}</UniqueIdentifier>
    </Filter>
    <Filter Include="Header Files\Null">
      <UniqueIdentifier>{bdb0d641-7aad-4af8-8d0b-6a9f9d3e4824}</UniqueIdentifier>
    </Filter>
    <Filter Include="Header Files\Sys">
      <UniqueIdentifier>{70fd5552-5969-4ce7-ad61-1e5ca52afa56}</UniqueIdentifier>
    </Filter>
    <Filter Include="Source Files\Sys">
      <UniqueIdentifier>{bc3e9603-19bf-4e63-8018-7e0fba3e56a7}</UniqueIdentifier>
    </Filter>
    <Filter Include="Source Files\FontRender">
      <UniqueIdentifier>{9352cd61-4896-490c-8765-8cf48a003c8c}</UniqueIdentifier>
    </Filter>
    <Filter Include="Source Files\Null">
      <UniqueIdentifier>{14a6699f-2ff9-42c9-a59b-af334e1ab424}</UniqueIdentifier>
    </Filter>
    <Filter Include="Header Files\Vars">
      <UniqueIdentifier>{0f643ef9-87e3-470a-8d54-67d2ec93fb78}</UniqueIdentifier>
    </Filter>
    <Filter Include="Source Files\Vars">
      <UniqueIdentifier>{802bdeb6-bc50-437b-b8ee-62ec92befd07}</UniqueIdentifier>
    </Filter>
  </ItemGroup>
  <ItemGroup>
    <ClInclude Include="stdafx.h">
      <Filter>Header Files</Filter>
    </ClInclude>
    <ClInclude Include="Font.h">
      <Filter>Header Files</Filter>
    </ClInclude>
    <ClInclude Include="Vars\FontVars.h">
      <Filter>Header Files\Vars</Filter>
    </ClInclude>
    <ClInclude Include="FontTypes.h">
      <Filter>Header Files</Filter>
    </ClInclude>
    <ClInclude Include="Constants.h">
      <Filter>Header Files</Filter>
    </ClInclude>
    <ClInclude Include="FontRender\XFontTexture.h">
      <Filter>Header Files\FontRender</Filter>
    </ClInclude>
    <ClInclude Include="FontRender\XGlyphCache.h">
      <Filter>Header Files\FontRender</Filter>
    </ClInclude>
    <ClInclude Include="Null\XNullfont.h">
      <Filter>Header Files\Null</Filter>
    </ClInclude>
    <ClInclude Include="Sys\XFontSystem.h">
      <Filter>Header Files\Sys</Filter>
    </ClInclude>
  </ItemGroup>
  <ItemGroup>
    <ClCompile Include="stdafx.cpp">
      <Filter>Source Files</Filter>
    </ClCompile>
    <ClCompile Include="Font.cpp">
      <Filter>Source Files</Filter>
    </ClCompile>
    <ClCompile Include="Vars\FontVars.cpp">
      <Filter>Source Files\Vars</Filter>
    </ClCompile>
    <ClCompile Include="FontLoad.cpp">
      <Filter>Source Files</Filter>
    </ClCompile>
    <ClCompile Include="FontRender\XFontTexture.cpp">
      <Filter>Source Files\FontRender</Filter>
    </ClCompile>
    <ClCompile Include="FontRender\XGlyphCache.cpp">
      <Filter>Source Files\FontRender</Filter>
    </ClCompile>
    <ClCompile Include="EngineModule\Module.cpp">
      <Filter>Source Files\EngineModule</Filter>
    </ClCompile>
    <ClCompile Include="Null\XNullfont.cpp">
      <Filter>Source Files\Null</Filter>
    </ClCompile>
    <ClCompile Include="Sys\XFontSystem.cpp">
      <Filter>Source Files\Sys</Filter>
    </ClCompile>
  </ItemGroup>
  <ItemGroup>
    <None Include="Vars\FontVars.inl">
      <Filter>Header Files\Vars</Filter>
    </None>
    <None Include="FontRender\XFontTexture.inl">
      <Filter>Header Files\FontRender</Filter>
    </None>
    <None Include="FontRender\XGlyphCache.inl">
      <Filter>Header Files\FontRender</Filter>
    </None>
  </ItemGroup>
</Project>