<?xml version="1.0" encoding="utf-8"?>
<Project ToolsVersion="4.0" xmlns="http://schemas.microsoft.com/developer/msbuild/2003">
  <ItemGroup>
    <Filter Include="Source Files">
      <UniqueIdentifier>{4FC737F1-C7A5-4376-A066-2A32D752A2FF}</UniqueIdentifier>
      <Extensions>cpp;c;cc;cxx;def;odl;idl;hpj;bat;asm;asmx</Extensions>
    </Filter>
    <Filter Include="Header Files">
      <UniqueIdentifier>{93995380-89BD-4b04-88EB-625FBE52EBFB}</UniqueIdentifier>
      <Extensions>h;hh;hpp;hxx;hm;inl;inc;xsd</Extensions>
    </Filter>
    <Filter Include="Resource Files">
      <UniqueIdentifier>{67DA6AB6-F800-4c08-8B7A-83BB121AAD01}</UniqueIdentifier>
      <Extensions>rc;ico;cur;bmp;dlg;rc2;rct;bin;rgs;gif;jpg;jpeg;jpe;resx;tiff;tif;png;wav;mfcribbon-ms</Extensions>
    </Filter>
    <Filter Include="Header Files\BSP">
      <UniqueIdentifier>{8af85325-275b-4a4c-9b4b-c08b2fcddc43}</UniqueIdentifier>
    </Filter>
    <Filter Include="Source Files\BSP">
      <UniqueIdentifier>{8372cc90-6ca3-4dc8-9c84-249d54b75926}</UniqueIdentifier>
    </Filter>
    <Filter Include="Source Files\Util">
      <UniqueIdentifier>{a77a343c-0d7f-4796-be4d-2a65ae44c311}</UniqueIdentifier>
    </Filter>
    <Filter Include="Header Files\Lvl">
      <UniqueIdentifier>{abd30faf-34f6-42cc-aef2-4d5a59b50e67}</UniqueIdentifier>
    </Filter>
    <Filter Include="Source Files\Lvl">
      <UniqueIdentifier>{fd5d5c94-d721-412a-a874-ec65bbbddc53}</UniqueIdentifier>
    </Filter>
    <Filter Include="Header Files\Material">
      <UniqueIdentifier>{9ced5eae-da07-4900-bcfe-f42eb1b3c660}</UniqueIdentifier>
    </Filter>
    <Filter Include="Source Files\Material">
      <UniqueIdentifier>{d7808d51-1c4d-4c29-bab8-5f1d00d8aee7}</UniqueIdentifier>
    </Filter>
    <Filter Include="Header Files\Util">
      <UniqueIdentifier>{0946935c-ec71-4ac9-8df3-4a02e906d184}</UniqueIdentifier>
    </Filter>
    <Filter Include="Header Files\Model">
      <UniqueIdentifier>{22a186ff-2f96-4ee4-8059-86468f006075}</UniqueIdentifier>
    </Filter>
    <Filter Include="Source Files\Model">
      <UniqueIdentifier>{bab4193c-7c73-4fb1-9aeb-7525dec17f9a}</UniqueIdentifier>
    </Filter>
    <Filter Include="Header Files\LvlFmts">
      <UniqueIdentifier>{fd0c72f1-9a93-45b8-9d07-154fedbce9ac}</UniqueIdentifier>
    </Filter>
    <Filter Include="Header Files\LvlFmts\MapFile">
      <UniqueIdentifier>{adebf7d5-4a0b-4422-84e2-0f1d42c15234}</UniqueIdentifier>
    </Filter>
    <Filter Include="Source Files\LvlFmts">
      <UniqueIdentifier>{e9687486-86fd-427a-b145-84d1a1760bf6}</UniqueIdentifier>
    </Filter>
    <Filter Include="Source Files\LvlFmts\MapFile">
      <UniqueIdentifier>{1d03dafd-7f52-4023-9abf-2c547d55d9b6}</UniqueIdentifier>
    </Filter>
  </ItemGroup>
  <ItemGroup>
    <ClInclude Include="stdafx.h">
      <Filter>Header Files</Filter>
    </ClInclude>
    <ClInclude Include="Resource.h">
      <Filter>Header Files</Filter>
    </ClInclude>
    <ClInclude Include="EngineApp.h">
      <Filter>Header Files</Filter>
    </ClInclude>
    <ClInclude Include="BSPTypes.h">
      <Filter>Header Files\BSP</Filter>
    </ClInclude>
    <ClInclude Include="FaceTreeBuilder.h">
      <Filter>Header Files\BSP</Filter>
    </ClInclude>
    <ClInclude Include="LvlBuilder.h">
      <Filter>Header Files\Lvl</Filter>
    </ClInclude>
    <ClInclude Include="Settings.h">
      <Filter>Header Files</Filter>
    </ClInclude>
    <ClInclude Include="Util\PlaneSet.h">
      <Filter>Header Files\Util</Filter>
    </ClInclude>
    <ClInclude Include="util\KvPMap.h">
      <Filter>Header Files\Util</Filter>
    </ClInclude>
    <ClInclude Include="Util\Config.h">
      <Filter>Header Files\Util</Filter>
    </ClInclude>
    <ClInclude Include="Util\Util.h">
      <Filter>Header Files\Util</Filter>
    </ClInclude>
    <ClInclude Include="LvlVert.h">
      <Filter>Header Files\Lvl</Filter>
    </ClInclude>
    <ClInclude Include="Compiler.h">
      <Filter>Header Files</Filter>
    </ClInclude>
    <ClInclude Include="Util\GrowingPool.h">
      <Filter>Header Files\Util</Filter>
    </ClInclude>
    <ClInclude Include="Model\ModelCache.h">
      <Filter>Header Files\Model</Filter>
    </ClInclude>
    <ClInclude Include="Material\MaterialManager.h">
      <Filter>Header Files\Material</Filter>
    </ClInclude>
    <ClInclude Include="LvlFmts\mapFile\MapFile.h">
      <Filter>Header Files\LvlFmts\MapFile</Filter>
    </ClInclude>
    <ClInclude Include="LvlFmts\mapFile\MapTypes.h">
      <Filter>Header Files\LvlFmts\MapFile</Filter>
    </ClInclude>
    <ClInclude Include="LvlFmts\mapFile\Util.h">
      <Filter>Header Files\LvlFmts\MapFile</Filter>
    </ClInclude>
    <ClInclude Include="LvlFmts\LvlSource.h">
      <Filter>Header Files\LvlFmts</Filter>
    </ClInclude>
    <ClInclude Include="LvlFmts\mapFile\Loader.h">
      <Filter>Header Files\LvlFmts\MapFile</Filter>
    </ClInclude>
    <ClInclude Include="LvlArea.h">
      <Filter>Header Files\Lvl</Filter>
    </ClInclude>
    <ClInclude Include="LvlBrush.h">
      <Filter>Header Files\Lvl</Filter>
    </ClInclude>
    <ClInclude Include="LvlMaterial.h">
      <Filter>Header Files\Lvl</Filter>
    </ClInclude>
    <ClInclude Include="LvlEntity.h">
      <Filter>Header Files\Lvl</Filter>
    </ClInclude>
  </ItemGroup>
  <ItemGroup>
    <ClCompile Include="stdafx.cpp">
      <Filter>Source Files</Filter>
    </ClCompile>
    <ClCompile Include="EngineApp.cpp">
      <Filter>Source Files</Filter>
    </ClCompile>
    <ClCompile Include="BSPTypes.cpp">
      <Filter>Source Files\BSP</Filter>
    </ClCompile>
    <ClCompile Include="LvlBuilder.cpp">
      <Filter>Source Files\Lvl</Filter>
    </ClCompile>
    <ClCompile Include="BSPPortals.cpp">
      <Filter>Source Files\BSP</Filter>
    </ClCompile>
    <ClCompile Include="LvlBrush.cpp">
      <Filter>Source Files\Lvl</Filter>
    </ClCompile>
    <ClCompile Include="LvlEntity.cpp">
      <Filter>Source Files\Lvl</Filter>
    </ClCompile>
    <ClCompile Include="FaceTreeBuilder.cpp">
      <Filter>Source Files\BSP</Filter>
    </ClCompile>
    <ClCompile Include="bspNode.cpp">
      <Filter>Source Files\BSP</Filter>
    </ClCompile>
    <ClCompile Include="LvlArea.cpp">
      <Filter>Source Files\Lvl</Filter>
    </ClCompile>
    <ClCompile Include="Settings.cpp">
      <Filter>Source Files</Filter>
    </ClCompile>
    <ClCompile Include="Util\PlaneSet.cpp">
      <Filter>Source Files\Util</Filter>
    </ClCompile>
    <ClCompile Include="Util\KvPMap.cpp">
      <Filter>Source Files\Util</Filter>
    </ClCompile>
    <ClCompile Include="Compiler.cpp">
      <Filter>Source Files</Filter>
    </ClCompile>
    <ClCompile Include="main.cpp">
      <Filter>Source Files</Filter>
    </ClCompile>
    <ClCompile Include="Material\MaterialManager.cpp">
      <Filter>Source Files\Material</Filter>
    </ClCompile>
    <ClCompile Include="Model\ModelCache.cpp">
      <Filter>Source Files\Model</Filter>
    </ClCompile>
    <ClCompile Include="LvlFmts\mapFile\MapFile.cpp">
      <Filter>Source Files\LvlFmts\MapFile</Filter>
    </ClCompile>
    <ClCompile Include="LvlFmts\mapFile\MapTypes.cpp">
      <Filter>Source Files\LvlFmts\MapFile</Filter>
    </ClCompile>
    <ClCompile Include="LvlFmts\mapFile\Util.cpp">
      <Filter>Source Files\LvlFmts\MapFile</Filter>
    </ClCompile>
    <ClCompile Include="LvlFmts\LvlSource.cpp">
      <Filter>Source Files\LvlFmts</Filter>
    </ClCompile>
    <ClCompile Include="LvlFmts\mapFile\Loader.cpp">
      <Filter>Source Files\LvlFmts\MapFile</Filter>
    </ClCompile>
    <ClCompile Include="LvlMaterial.cpp">
      <Filter>Source Files\Lvl</Filter>
    </ClCompile>
  </ItemGroup>
  <ItemGroup>
    <ResourceCompile Include="LevelBuilder.rc">
      <Filter>Resource Files</Filter>
    </ResourceCompile>
  </ItemGroup>
  <ItemGroup>
    <Image Include="LevelBuilder.ico">
      <Filter>Resource Files</Filter>
    </Image>
  </ItemGroup>
  <ItemGroup>
    <None Include="LvlFmts\mapFile\MapFile.inl">
      <Filter>Header Files\LvlFmts\MapFile</Filter>
    </None>
    <None Include="LvlFmts\mapFile\MapTypes.inl">
      <Filter>Header Files\LvlFmts\MapFile</Filter>
    </None>
    <None Include="LvlFmts\LvlSource.inl">
      <Filter>Header Files\LvlFmts</Filter>
    </None>
  </ItemGroup>
</Project>