<?xml version="1.0" encoding="utf-8"?>
<Project ToolsVersion="4.0" xmlns="http://schemas.microsoft.com/developer/msbuild/2003">
  <ItemGroup>
    <Filter Include="Source Files">
      <UniqueIdentifier>{4FC737F1-C7A5-4376-A066-2A32D752A2FF}</UniqueIdentifier>
      <Extensions>cpp;c;cc;cxx;def;odl;idl;hpj;bat;asm;asmx</Extensions>
    </Filter>
    <Filter Include="Header Files">
      <UniqueIdentifier>{93995380-89BD-4b04-88EB-625FBE52EBFB}</UniqueIdentifier>
      <Extensions>h;hh;hpp;hxx;hm;inl;inc;xsd</Extensions>
    </Filter>
    <Filter Include="Header Files\anim_inter">
      <UniqueIdentifier>{c715de10-0f03-43df-94d6-4e7792374abd}</UniqueIdentifier>
    </Filter>
    <Filter Include="Source Files\anim_inter">
      <UniqueIdentifier>{ede01363-2ba7-470d-a735-ceb7f4b100c6}</UniqueIdentifier>
    </Filter>
    <Filter Include="Source Files\model">
      <UniqueIdentifier>{bcbb4e71-9311-4df2-8ae4-8e895b974893}</UniqueIdentifier>
    </Filter>
    <Filter Include="Header Files\anim">
      <UniqueIdentifier>{77caf59a-12a0-4d45-989f-d465d799f29a}</UniqueIdentifier>
    </Filter>
    <Filter Include="Source Files\anim">
      <UniqueIdentifier>{20b4be40-ab10-4c26-85bf-dc35ef364ff2}</UniqueIdentifier>
    </Filter>
    <Filter Include="Source Files\Lib">
      <UniqueIdentifier>{8ebc46e7-6180-4a1b-bb13-054b9b51ee1e}</UniqueIdentifier>
    </Filter>
    <Filter Include="Source Files\ConverterModule">
      <UniqueIdentifier>{9b52d8fc-5a30-4964-864a-054edf0703f5}</UniqueIdentifier>
    </Filter>
    <Filter Include="Header Files\Lib">
      <UniqueIdentifier>{3b783eb7-a2ec-4f20-b8eb-b3793204721c}</UniqueIdentifier>
    </Filter>
    <Filter Include="Header Files\Util">
      <UniqueIdentifier>{f1fdf5be-e398-44f8-80ba-3d905ba09695}</UniqueIdentifier>
    </Filter>
    <Filter Include="Source Files\Util">
      <UniqueIdentifier>{39cfe50c-7817-4c9c-8e6f-57039adfc80c}</UniqueIdentifier>
    </Filter>
  </ItemGroup>
  <ItemGroup>
    <ClInclude Include="stdafx.h">
      <Filter>Header Files</Filter>
    </ClInclude>
    <ClInclude Include="anim_inter.h">
      <Filter>Header Files\anim_inter</Filter>
    </ClInclude>
    <ClInclude Include="AnimCompiler.h">
      <Filter>Header Files\anim</Filter>
    </ClInclude>
    <ClInclude Include="XAnimLib.h">
      <Filter>Header Files\Lib</Filter>
    </ClInclude>
    <ClInclude Include="Anim\Anim.h">
      <Filter>Header Files\anim</Filter>
    </ClInclude>
    <ClInclude Include="AnimLib.h">
      <Filter>Header Files</Filter>
    </ClInclude>
    <ClInclude Include="Anim\Animator.h">
      <Filter>Header Files\anim</Filter>
    </ClInclude>
    <ClInclude Include="Util\AnimUtil.h">
      <Filter>Header Files\Util</Filter>
    </ClInclude>
  </ItemGroup>
  <ItemGroup>
    <ClCompile Include="stdafx.cpp">
      <Filter>Source Files</Filter>
    </ClCompile>
    <ClCompile Include="anim_inter.cpp">
      <Filter>Source Files\anim_inter</Filter>
    </ClCompile>
    <ClCompile Include="dllmain.cpp">
      <Filter>Source Files</Filter>
    </ClCompile>
    <ClCompile Include="AnimCompiler.cpp">
      <Filter>Source Files\anim</Filter>
    </ClCompile>
    <ClCompile Include="..\ModelLib\ModelSkeleton.cpp">
      <Filter>Source Files\model</Filter>
    </ClCompile>
    <ClCompile Include="ConverterLib.cpp">
      <Filter>Source Files\ConverterModule</Filter>
    </ClCompile>
    <ClCompile Include="XAnimLib.cpp">
      <Filter>Source Files\Lib</Filter>
    </ClCompile>
    <ClCompile Include="Anim\Anim.cpp">
      <Filter>Source Files\anim</Filter>
    </ClCompile>
    <ClCompile Include="Anim\Animator.cpp">
      <Filter>Source Files\anim</Filter>
    </ClCompile>
    <ClCompile Include="Util\AnimUtil.cpp">
      <Filter>Source Files\Util</Filter>
    </ClCompile>
  </ItemGroup>
  <ItemGroup>
    <None Include="Anim\Anim.inl">
      <Filter>Header Files\anim</Filter>
    </None>
    <None Include="Anim\Animator.inl">
      <Filter>Header Files\anim</Filter>
    </None>
  </ItemGroup>
</Project>