<?xml version="1.0" encoding="utf-8"?>
<Project ToolsVersion="4.0" xmlns="http://schemas.microsoft.com/developer/msbuild/2003">
  <ItemGroup>
    <Filter Include="Source Files">
      <UniqueIdentifier>{4FC737F1-C7A5-4376-A066-2A32D752A2FF}</UniqueIdentifier>
      <Extensions>cpp;c;cc;cxx;def;odl;idl;hpj;bat;asm;asmx</Extensions>
    </Filter>
    <Filter Include="Header Files">
      <UniqueIdentifier>{93995380-89BD-4b04-88EB-625FBE52EBFB}</UniqueIdentifier>
      <Extensions>h;hh;hpp;hxx;hm;inl;inc;xsd</Extensions>
    </Filter>
    <Filter Include="Source Files\EngineModule">
      <UniqueIdentifier>{57993920-8f75-41bd-a939-aacec3520a97}</UniqueIdentifier>
    </Filter>
    <Filter Include="Header Files\Buffers">
      <UniqueIdentifier>{5c0654b2-a937-46ff-a48c-2929207be108}</UniqueIdentifier>
    </Filter>
    <Filter Include="Source Files\Buffers">
      <UniqueIdentifier>{4fc52ba4-49a9-4df5-9e05-20bf34aca748}</UniqueIdentifier>
    </Filter>
    <Filter Include="Header Files\Allocators">
      <UniqueIdentifier>{cb611c04-94d7-42c9-94d6-6d6521662035}</UniqueIdentifier>
    </Filter>
    <Filter Include="Source Files\Allocators">
      <UniqueIdentifier>{1b591469-342e-4977-a81f-f38f2b181ad6}</UniqueIdentifier>
    </Filter>
    <Filter Include="Header Files\Util">
      <UniqueIdentifier>{c77f5de2-967d-45ba-a9a2-af4b31a51b1c}</UniqueIdentifier>
    </Filter>
    <Filter Include="Header Files\Texture">
      <UniqueIdentifier>{b33293fd-f26d-4e46-b888-6f4e4163a08a}</UniqueIdentifier>
    </Filter>
    <Filter Include="Source Files\Texture">
      <UniqueIdentifier>{2b92c334-4bfc-4797-bc8b-d27c649bda7d}</UniqueIdentifier>
    </Filter>
    <Filter Include="Header Files\Vars">
      <UniqueIdentifier>{51c0198f-eaed-42ec-967d-dd59fd4a24e8}</UniqueIdentifier>
    </Filter>
    <Filter Include="Source Files\Vars">
      <UniqueIdentifier>{c3529064-ca71-4b49-88f4-371923a95451}</UniqueIdentifier>
    </Filter>
    <Filter Include="Source Files\Util">
      <UniqueIdentifier>{03ad25ea-e61c-47fc-a22d-53be01adc0c2}</UniqueIdentifier>
    </Filter>
  </ItemGroup>
  <ItemGroup>
    <ClInclude Include="stdafx.h">
      <Filter>Header Files</Filter>
    </ClInclude>
    <ClInclude Include="XRender.h">
      <Filter>Header Files</Filter>
    </ClInclude>
    <ClInclude Include="CommandSignature.h">
      <Filter>Header Files</Filter>
    </ClInclude>
    <ClInclude Include="RootSignature.h">
      <Filter>Header Files</Filter>
    </ClInclude>
    <ClInclude Include="GpuResource.h">
      <Filter>Header Files</Filter>
    </ClInclude>
    <ClInclude Include="SamplerDesc.h">
      <Filter>Header Files</Filter>
    </ClInclude>
    <ClInclude Include="PipelineState.h">
      <Filter>Header Files</Filter>
    </ClInclude>
    <ClInclude Include="CommandContex.h">
      <Filter>Header Files</Filter>
    </ClInclude>
    <ClInclude Include="Util\Constants.h">
      <Filter>Header Files\Util</Filter>
    </ClInclude>
    <ClInclude Include="Util\DebugNameUtil.h">
      <Filter>Header Files\Util</Filter>
    </ClInclude>
    <ClInclude Include="Util\DxTypeHelpers.h">
      <Filter>Header Files\Util</Filter>
    </ClInclude>
    <ClInclude Include="Texture\TextureManager.h">
      <Filter>Header Files\Texture</Filter>
    </ClInclude>
    <ClInclude Include="Texture\Texture.h">
      <Filter>Header Files\Texture</Filter>
    </ClInclude>
    <ClInclude Include="Texture\TextureVars.h">
      <Filter>Header Files\Texture</Filter>
    </ClInclude>
    <ClInclude Include="Features.h">
      <Filter>Header Files</Filter>
    </ClInclude>
    <ClInclude Include="Buffers\ShadowBuffer.h">
      <Filter>Header Files\Buffers</Filter>
    </ClInclude>
    <ClInclude Include="Buffers\ColorBuffer.h">
      <Filter>Header Files\Buffers</Filter>
    </ClInclude>
    <ClInclude Include="Buffers\DepthBuffer.h">
      <Filter>Header Files\Buffers</Filter>
    </ClInclude>
    <ClInclude Include="Buffers\GpuBuffer.h">
      <Filter>Header Files\Buffers</Filter>
    </ClInclude>
    <ClInclude Include="Buffers\PixelBuffer.h">
      <Filter>Header Files\Buffers</Filter>
    </ClInclude>
    <ClInclude Include="Allocators\CommandAllocatorPool.h">
      <Filter>Header Files\Allocators</Filter>
    </ClInclude>
    <ClInclude Include="Allocators\DescriptorAllocator.h">
      <Filter>Header Files\Allocators</Filter>
    </ClInclude>
    <ClInclude Include="Allocators\DynamicDescriptorHeap.h">
      <Filter>Header Files\Allocators</Filter>
    </ClInclude>
    <ClInclude Include="Allocators\LinearAllocator.h">
      <Filter>Header Files\Allocators</Filter>
    </ClInclude>
    <ClInclude Include="Vars\RenderVars.h">
      <Filter>Header Files\Vars</Filter>
    </ClInclude>
    <ClInclude Include="CommandQue.h">
      <Filter>Header Files</Filter>
    </ClInclude>
    <ClInclude Include="CommandListManger.h">
      <Filter>Header Files</Filter>
    </ClInclude>
    <ClInclude Include="Util\Config.h">
      <Filter>Header Files\Util</Filter>
    </ClInclude>
    <ClInclude Include="Buffers\BufferManager.h">
      <Filter>Header Files\Buffers</Filter>
    </ClInclude>
    <ClInclude Include="Texture\TextureUtil.h">
      <Filter>Header Files\Texture</Filter>
    </ClInclude>
    <ClInclude Include="Util\StateHelpers.h">
      <Filter>Header Files\Util</Filter>
    </ClInclude>
    <ClInclude Include="Util\Types.h">
      <Filter>Header Files\Util</Filter>
    </ClInclude>
    <ClInclude Include="Allocators\DescriptorHandle.h">
      <Filter>Header Files\Allocators</Filter>
    </ClInclude>
  </ItemGroup>
  <ItemGroup>
    <ClCompile Include="stdafx.cpp">
      <Filter>Source Files</Filter>
    </ClCompile>
    <ClCompile Include="Module.cpp">
      <Filter>Source Files\EngineModule</Filter>
    </ClCompile>
    <ClCompile Include="XRender.cpp">
      <Filter>Source Files</Filter>
    </ClCompile>
    <ClCompile Include="CommandSignature.cpp">
      <Filter>Source Files</Filter>
    </ClCompile>
    <ClCompile Include="RootSignature.cpp">
      <Filter>Source Files</Filter>
    </ClCompile>
    <ClCompile Include="GpuResource.cpp">
      <Filter>Source Files</Filter>
    </ClCompile>
    <ClCompile Include="PipelineState.cpp">
      <Filter>Source Files</Filter>
    </ClCompile>
    <ClCompile Include="CommandContex.cpp">
      <Filter>Source Files</Filter>
    </ClCompile>
    <ClCompile Include="Texture\TextureManager.cpp">
      <Filter>Source Files\Texture</Filter>
    </ClCompile>
    <ClCompile Include="Texture\Texture.cpp">
      <Filter>Source Files\Texture</Filter>
    </ClCompile>
    <ClCompile Include="Texture\TextureVars.cpp">
      <Filter>Source Files\Texture</Filter>
    </ClCompile>
    <ClCompile Include="Buffers\ShadowBuffer.cpp">
      <Filter>Source Files\Buffers</Filter>
    </ClCompile>
    <ClCompile Include="Buffers\ColorBuffer.cpp">
      <Filter>Source Files\Buffers</Filter>
    </ClCompile>
    <ClCompile Include="Buffers\DepthBuffer.cpp">
      <Filter>Source Files\Buffers</Filter>
    </ClCompile>
    <ClCompile Include="Buffers\GpuBuffer.cpp">
      <Filter>Source Files\Buffers</Filter>
    </ClCompile>
    <ClCompile Include="Buffers\PixelBuffer.cpp">
      <Filter>Source Files\Buffers</Filter>
    </ClCompile>
    <ClCompile Include="Allocators\CommandAllocatorPool.cpp">
      <Filter>Source Files\Allocators</Filter>
    </ClCompile>
    <ClCompile Include="Allocators\DescriptorAllocator.cpp">
      <Filter>Source Files\Allocators</Filter>
    </ClCompile>
    <ClCompile Include="Allocators\DynamicDescriptorHeap.cpp">
      <Filter>Source Files\Allocators</Filter>
    </ClCompile>
    <ClCompile Include="Allocators\LinearAllocator.cpp">
      <Filter>Source Files\Allocators</Filter>
    </ClCompile>
    <ClCompile Include="Vars\RenderVars.cpp">
      <Filter>Source Files\Vars</Filter>
    </ClCompile>
    <ClCompile Include="CommandQue.cpp">
      <Filter>Source Files</Filter>
    </ClCompile>
    <ClCompile Include="CommandListManger.cpp">
      <Filter>Source Files</Filter>
    </ClCompile>
    <ClCompile Include="Buffers\BufferManager.cpp">
      <Filter>Source Files\Buffers</Filter>
    </ClCompile>
    <ClCompile Include="Texture\TextureUtil.cpp">
      <Filter>Source Files\Texture</Filter>
    </ClCompile>
    <ClCompile Include="Util\StateHelpers.cpp">
      <Filter>Source Files\Util</Filter>
    </ClCompile>
    <ClCompile Include="SamplerDesc.cpp">
      <Filter>Source Files</Filter>
    </ClCompile>
  </ItemGroup>
  <ItemGroup>
    <None Include="CommandSignature.inl">
      <Filter>Header Files</Filter>
    </None>
    <None Include="RootSignature.inl">
      <Filter>Header Files</Filter>
    </None>
    <None Include="GpuResource.inl">
      <Filter>Header Files</Filter>
    </None>
    <None Include="SamplerDesc.inl">
      <Filter>Header Files</Filter>
    </None>
    <None Include="PipelineState.inl">
      <Filter>Header Files</Filter>
    </None>
    <None Include="CommandContex.inl">
      <Filter>Header Files</Filter>
    </None>
    <None Include="Texture\Texture.inl">
      <Filter>Header Files\Texture</Filter>
    </None>
    <None Include="Texture\TextureVars.inl">
      <Filter>Header Files\Texture</Filter>
    </None>
    <None Include="Buffers\ColorBuffer.inl">
      <Filter>Header Files\Buffers</Filter>
    </None>
    <None Include="Buffers\DepthBuffer.inl">
      <Filter>Header Files\Buffers</Filter>
    </None>
    <None Include="Buffers\GpuBuffer.inl">
      <Filter>Header Files\Buffers</Filter>
    </None>
    <None Include="Buffers\PixelBuffer.inl">
      <Filter>Header Files\Buffers</Filter>
    </None>
    <None Include="Allocators\CommandAllocatorPool.inl">
      <Filter>Header Files\Allocators</Filter>
    </None>
    <None Include="Allocators\DescriptorAllocator.inl">
      <Filter>Header Files\Allocators</Filter>
    </None>
    <None Include="Allocators\DynamicDescriptorHeap.inl">
      <Filter>Header Files\Allocators</Filter>
    </None>
    <None Include="Allocators\LinearAllocator.inl">
      <Filter>Header Files\Allocators</Filter>
    </None>
    <None Include="Vars\RenderVars.inl">
      <Filter>Header Files\Vars</Filter>
    </None>
    <None Include="CommandQue.inl">
      <Filter>Header Files</Filter>
    </None>
    <None Include="CommandListManger.inl">
      <Filter>Header Files</Filter>
    </None>
    <None Include="Buffers\BufferManager.inl">
      <Filter>Header Files\Buffers</Filter>
    </None>
    <None Include="Util\StateHelpers.inl">
      <Filter>Header Files\Util</Filter>
    </None>
    <None Include="Allocators\DescriptorHandle.inl">
      <Filter>Header Files\Allocators</Filter>
    </None>
  </ItemGroup>
</Project>