<?xml version="1.0" encoding="utf-8"?>
<Project ToolsVersion="4.0" xmlns="http://schemas.microsoft.com/developer/msbuild/2003">
  <ItemGroup>
    <Filter Include="Source Files">
      <UniqueIdentifier>{4FC737F1-C7A5-4376-A066-2A32D752A2FF}</UniqueIdentifier>
      <Extensions>cpp;c;cc;cxx;def;odl;idl;hpj;bat;asm;asmx</Extensions>
    </Filter>
    <Filter Include="Header Files">
      <UniqueIdentifier>{93995380-89BD-4b04-88EB-625FBE52EBFB}</UniqueIdentifier>
      <Extensions>h;hh;hpp;hxx;hm;inl;inc;xsd</Extensions>
    </Filter>
    <Filter Include="Source Files\EngineModule">
      <UniqueIdentifier>{57993920-8f75-41bd-a939-aacec3520a97}</UniqueIdentifier>
    </Filter>
    <Filter Include="Header Files\Buffers">
      <UniqueIdentifier>{5c0654b2-a937-46ff-a48c-2929207be108}</UniqueIdentifier>
    </Filter>
    <Filter Include="Source Files\Buffers">
      <UniqueIdentifier>{4fc52ba4-49a9-4df5-9e05-20bf34aca748}</UniqueIdentifier>
    </Filter>
    <Filter Include="Header Files\Allocators">
      <UniqueIdentifier>{cb611c04-94d7-42c9-94d6-6d6521662035}</UniqueIdentifier>
    </Filter>
    <Filter Include="Source Files\Allocators">
      <UniqueIdentifier>{1b591469-342e-4977-a81f-f38f2b181ad6}</UniqueIdentifier>
    </Filter>
    <Filter Include="Header Files\Util">
      <UniqueIdentifier>{c77f5de2-967d-45ba-a9a2-af4b31a51b1c}</UniqueIdentifier>
    </Filter>
    <Filter Include="Header Files\Shader">
      <UniqueIdentifier>{b7ac7e45-6f9c-4319-b61f-ec943c143cd9}</UniqueIdentifier>
    </Filter>
    <Filter Include="Source Files\Shader">
      <UniqueIdentifier>{3455b46d-5722-4d83-ad88-db8e4a050c30}</UniqueIdentifier>
    </Filter>
    <Filter Include="Header Files\Texture">
      <UniqueIdentifier>{b33293fd-f26d-4e46-b888-6f4e4163a08a}</UniqueIdentifier>
    </Filter>
    <Filter Include="Source Files\Texture">
      <UniqueIdentifier>{2b92c334-4bfc-4797-bc8b-d27c649bda7d}</UniqueIdentifier>
    </Filter>
    <Filter Include="Header Files\Auxiliary">
      <UniqueIdentifier>{a26dabc2-6f1f-4a57-91cb-2aa2ed88bacb}</UniqueIdentifier>
    </Filter>
    <Filter Include="Source Files\Auxiliary">
      <UniqueIdentifier>{a76ee69f-2a9e-4804-84c4-03af50d9084e}</UniqueIdentifier>
    </Filter>
  </ItemGroup>
  <ItemGroup>
    <ClInclude Include="stdafx.h">
      <Filter>Header Files</Filter>
    </ClInclude>
    <ClInclude Include="XRender.h">
      <Filter>Header Files</Filter>
    </ClInclude>
    <ClInclude Include="CommandList.h">
      <Filter>Header Files</Filter>
    </ClInclude>
    <ClInclude Include="CommandSignature.h">
      <Filter>Header Files</Filter>
    </ClInclude>
    <ClInclude Include="RootSignature.h">
      <Filter>Header Files</Filter>
    </ClInclude>
    <ClInclude Include="GpuResource.h">
      <Filter>Header Files</Filter>
    </ClInclude>
    <ClInclude Include="SamplerDesc.h">
      <Filter>Header Files</Filter>
    </ClInclude>
    <ClInclude Include="PipelineState.h">
      <Filter>Header Files</Filter>
    </ClInclude>
    <ClInclude Include="CommandContex.h">
      <Filter>Header Files</Filter>
    </ClInclude>
    <ClInclude Include="GpuBuffer.h">
      <Filter>Header Files\Buffers</Filter>
    </ClInclude>
    <ClInclude Include="ColorBuffer.h">
      <Filter>Header Files\Buffers</Filter>
    </ClInclude>
    <ClInclude Include="PixelBuffer.h">
      <Filter>Header Files\Buffers</Filter>
    </ClInclude>
    <ClInclude Include="DepthBuffer.h">
      <Filter>Header Files\Buffers</Filter>
    </ClInclude>
    <ClInclude Include="DescriptorAllocator.h">
      <Filter>Header Files\Allocators</Filter>
    </ClInclude>
    <ClInclude Include="CommandAllocatorPool.h">
      <Filter>Header Files\Allocators</Filter>
    </ClInclude>
    <ClInclude Include="DynamicDescriptorHeap.h">
      <Filter>Header Files\Allocators</Filter>
    </ClInclude>
    <ClInclude Include="LinearAllocator.h">
      <Filter>Header Files\Allocators</Filter>
    </ClInclude>
    <ClInclude Include="Shader\Shader.h">
      <Filter>Header Files\Shader</Filter>
    </ClInclude>
    <ClInclude Include="Shader\ShaderBin.h">
      <Filter>Header Files\Shader</Filter>
    </ClInclude>
    <ClInclude Include="Shader\HWShader.h">
      <Filter>Header Files\Shader</Filter>
    </ClInclude>
    <ClInclude Include="Shader\ILTree.h">
      <Filter>Header Files\Shader</Filter>
    </ClInclude>
    <ClInclude Include="Shader\ShaderManager.h">
      <Filter>Header Files\Shader</Filter>
    </ClInclude>
    <ClInclude Include="Shader\ShaderSourceTypes.h">
      <Filter>Header Files\Shader</Filter>
    </ClInclude>
    <ClInclude Include="Shader\ShaderVars.h">
      <Filter>Header Files\Shader</Filter>
    </ClInclude>
    <ClInclude Include="Util\Constants.h">
      <Filter>Header Files\Util</Filter>
    </ClInclude>
    <ClInclude Include="Util\DebugNameUtil.h">
      <Filter>Header Files\Util</Filter>
    </ClInclude>
    <ClInclude Include="Util\DxTypeHelpers.h">
      <Filter>Header Files\Util</Filter>
    </ClInclude>
    <ClInclude Include="Texture\TextureManager.h">
      <Filter>Header Files\Texture</Filter>
    </ClInclude>
    <ClInclude Include="Texture\Texture.h">
      <Filter>Header Files\Texture</Filter>
    </ClInclude>
    <ClInclude Include="Texture\TextureVars.h">
      <Filter>Header Files\Texture</Filter>
    </ClInclude>
    <ClInclude Include="Features.h">
      <Filter>Header Files</Filter>
    </ClInclude>
    <ClInclude Include="Auxiliary\AuxRender.h">
      <Filter>Header Files\Auxiliary</Filter>
    </ClInclude>
    <ClInclude Include="Auxiliary\AuxRenderImp.h">
      <Filter>Header Files\Auxiliary</Filter>
    </ClInclude>
  </ItemGroup>
  <ItemGroup>
    <ClCompile Include="stdafx.cpp">
      <Filter>Source Files</Filter>
    </ClCompile>
    <ClCompile Include="Module.cpp">
      <Filter>Source Files\EngineModule</Filter>
    </ClCompile>
    <ClCompile Include="XRender.cpp">
      <Filter>Source Files</Filter>
    </ClCompile>
    <ClCompile Include="CommandList.cpp">
      <Filter>Source Files</Filter>
    </ClCompile>
    <ClCompile Include="CommandSignature.cpp">
      <Filter>Source Files</Filter>
    </ClCompile>
    <ClCompile Include="RootSignature.cpp">
      <Filter>Source Files</Filter>
    </ClCompile>
    <ClCompile Include="GpuResource.cpp">
      <Filter>Source Files</Filter>
    </ClCompile>
    <ClCompile Include="SampleDesc.cpp">
      <Filter>Source Files</Filter>
    </ClCompile>
    <ClCompile Include="PipelineState.cpp">
      <Filter>Source Files</Filter>
    </ClCompile>
    <ClCompile Include="CommandContex.cpp">
      <Filter>Source Files</Filter>
    </ClCompile>
    <ClCompile Include="ColorBuffer.cpp">
      <Filter>Source Files\Buffers</Filter>
    </ClCompile>
    <ClCompile Include="GpuBuffer.cpp">
      <Filter>Source Files\Buffers</Filter>
    </ClCompile>
    <ClCompile Include="PixelBuffer.cpp">
      <Filter>Source Files\Buffers</Filter>
    </ClCompile>
    <ClCompile Include="DepthBuffer.cpp">
      <Filter>Source Files\Buffers</Filter>
    </ClCompile>
    <ClCompile Include="DescriptorAllocator.cpp">
      <Filter>Source Files\Allocators</Filter>
    </ClCompile>
    <ClCompile Include="CommandAllocatorPool.cpp">
      <Filter>Source Files\Allocators</Filter>
    </ClCompile>
    <ClCompile Include="DynamicDescriptorHeap.cpp">
      <Filter>Source Files\Allocators</Filter>
    </ClCompile>
    <ClCompile Include="LinearAllocator.cpp">
      <Filter>Source Files\Allocators</Filter>
    </ClCompile>
    <ClCompile Include="Shader\Shader.cpp">
      <Filter>Source Files\Shader</Filter>
    </ClCompile>
    <ClCompile Include="Shader\ShaderBin.cpp">
      <Filter>Source Files\Shader</Filter>
    </ClCompile>
    <ClCompile Include="Shader\HWShader.cpp">
      <Filter>Source Files\Shader</Filter>
    </ClCompile>
    <ClCompile Include="Shader\ShaderManager.cpp">
      <Filter>Source Files\Shader</Filter>
    </ClCompile>
    <ClCompile Include="Shader\ShaderSourceTypes.cpp">
      <Filter>Source Files\Shader</Filter>
    </ClCompile>
    <ClCompile Include="Shader\ILTree.cpp">
      <Filter>Source Files\Shader</Filter>
    </ClCompile>
    <ClCompile Include="Shader\ShaderVars.cpp">
      <Filter>Source Files\Shader</Filter>
    </ClCompile>
    <ClCompile Include="Texture\TextureManager.cpp">
      <Filter>Source Files\Texture</Filter>
    </ClCompile>
    <ClCompile Include="Texture\Texture.cpp">
      <Filter>Source Files\Texture</Filter>
    </ClCompile>
    <ClCompile Include="Texture\TextureVars.cpp">
      <Filter>Source Files\Texture</Filter>
    </ClCompile>
    <ClCompile Include="Auxiliary\AuxRender.cpp">
      <Filter>Source Files\Auxiliary</Filter>
    </ClCompile>
    <ClCompile Include="Auxiliary\AuxRenderImp.cpp">
      <Filter>Source Files\Auxiliary</Filter>
    </ClCompile>
  </ItemGroup>
  <ItemGroup>
    <None Include="CommandList.inl">
      <Filter>Header Files</Filter>
    </None>
    <None Include="CommandSignature.inl">
      <Filter>Header Files</Filter>
    </None>
    <None Include="RootSignature.inl">
      <Filter>Header Files</Filter>
    </None>
    <None Include="GpuResource.inl">
      <Filter>Header Files</Filter>
    </None>
    <None Include="SamplerDesc.inl">
      <Filter>Header Files</Filter>
    </None>
    <None Include="PipelineState.inl">
      <Filter>Header Files</Filter>
    </None>
    <None Include="CommandContex.inl">
      <Filter>Header Files</Filter>
    </None>
    <None Include="GpuBuffer.inl">
      <Filter>Header Files\Buffers</Filter>
    </None>
    <None Include="ColorBuffer.inl">
      <Filter>Header Files\Buffers</Filter>
    </None>
    <None Include="DepthBuffer.inl">
      <Filter>Header Files\Buffers</Filter>
    </None>
    <None Include="CommandAllocatorPool.inl">
      <Filter>Header Files\Allocators</Filter>
    </None>
    <None Include="DynamicDescriptorHeap.inl">
      <Filter>Header Files\Allocators</Filter>
    </None>
    <None Include="DescriptorAllocator.inl">
      <Filter>Header Files\Allocators</Filter>
    </None>
    <None Include="PixelBuffer.inl">
      <Filter>Header Files\Buffers</Filter>
    </None>
    <None Include="LinearAllocator.inl">
      <Filter>Header Files\Allocators</Filter>
    </None>
    <None Include="Shader\HWShader.inl">
      <Filter>Header Files\Shader</Filter>
    </None>
    <None Include="Shader\ShaderSourceTypes.inl">
      <Filter>Header Files\Shader</Filter>
    </None>
    <None Include="Shader\Shader.inl">
      <Filter>Header Files\Shader</Filter>
    </None>
    <None Include="Shader\ILTree.inl">
      <Filter>Header Files\Shader</Filter>
    </None>
    <None Include="Shader\ShaderVars.inl">
      <Filter>Header Files\Shader</Filter>
    </None>
    <None Include="Texture\Texture.inl">
      <Filter>Header Files\Texture</Filter>
    </None>
    <None Include="Texture\TextureVars.inl">
      <Filter>Header Files\Texture</Filter>
    </None>
    <None Include="Auxiliary\AuxRender.inl">
      <Filter>Header Files\Auxiliary</Filter>
    </None>
    <None Include="Auxiliary\AuxRenderImp.inl">
      <Filter>Header Files\Auxiliary</Filter>
    </None>
  </ItemGroup>
</Project>