<?xml version="1.0" encoding="utf-8"?>
<Project ToolsVersion="4.0" xmlns="http://schemas.microsoft.com/developer/msbuild/2003">
  <ItemGroup>
    <Filter Include="Source Files">
      <UniqueIdentifier>{4FC737F1-C7A5-4376-A066-2A32D752A2FF}</UniqueIdentifier>
      <Extensions>cpp;c;cc;cxx;def;odl;idl;hpj;bat;asm;asmx</Extensions>
    </Filter>
    <Filter Include="Header Files">
      <UniqueIdentifier>{93995380-89BD-4b04-88EB-625FBE52EBFB}</UniqueIdentifier>
      <Extensions>h;hh;hpp;hxx;hm;inl;inc;xsd</Extensions>
    </Filter>
    <Filter Include="Binds">
      <UniqueIdentifier>{735b706d-fa43-4bdf-8de4-47421b56728c}</UniqueIdentifier>
    </Filter>
    <Filter Include="Source Files\EngineModule">
      <UniqueIdentifier>{890ea6ce-2b7b-4a13-ae10-b2c3b93e525a}</UniqueIdentifier>
    </Filter>
    <Filter Include="Header Files\wrapper">
      <UniqueIdentifier>{6b2634fe-a0cf-4170-9385-a591835c1710}</UniqueIdentifier>
    </Filter>
    <Filter Include="Source Files\wrapper">
      <UniqueIdentifier>{0f651ffe-7477-4df7-b5dd-ff34a9cd49d3}</UniqueIdentifier>
    </Filter>
    <Filter Include="Header Files\Util">
      <UniqueIdentifier>{2b7727cf-5d75-42df-9e5d-e3c702f84088}</UniqueIdentifier>
    </Filter>
    <Filter Include="Header Files\Vars">
      <UniqueIdentifier>{7dc97199-f6d7-41c3-aac4-25c0ee5d83d5}</UniqueIdentifier>
    </Filter>
    <Filter Include="Source Files\Vars">
      <UniqueIdentifier>{d85462c4-9d24-4dac-b8b0-a8e34289f8e0}</UniqueIdentifier>
    </Filter>
  </ItemGroup>
  <ItemGroup>
    <ClInclude Include="stdafx.h">
      <Filter>Header Files</Filter>
    </ClInclude>
    <ClInclude Include="ScriptSys.h">
      <Filter>Header Files</Filter>
    </ClInclude>
    <ClInclude Include="binds\ScriptBinds_core.h">
      <Filter>Binds</Filter>
    </ClInclude>
    <ClInclude Include="ScriptTable.h">
      <Filter>Header Files</Filter>
    </ClInclude>
    <ClInclude Include="FunctionHandler.h">
      <Filter>Header Files</Filter>
    </ClInclude>
    <ClInclude Include="binds\ScriptBinds_script.h">
      <Filter>Binds</Filter>
    </ClInclude>
    <ClInclude Include="binds\ScriptBinds_io.h">
      <Filter>Binds</Filter>
    </ClInclude>
    <ClInclude Include="TableDump.h">
      <Filter>Header Files</Filter>
    </ClInclude>
    <ClInclude Include="wrapper\types.h">
      <Filter>Header Files\wrapper</Filter>
    </ClInclude>
    <ClInclude Include="wrapper\state.h">
      <Filter>Header Files\wrapper</Filter>
    </ClInclude>
    <ClInclude Include="wrapper\state_view.h">
      <Filter>Header Files\wrapper</Filter>
    </ClInclude>
    <ClInclude Include="wrapper\util.h">
      <Filter>Header Files\wrapper</Filter>
    </ClInclude>
    <ClInclude Include="Util\Config.h">
      <Filter>Header Files\Util</Filter>
    </ClInclude>
    <ClInclude Include="Vars\ScriptVars.h">
      <Filter>Header Files\Vars</Filter>
    </ClInclude>
    <ClInclude Include="ScriptBinds.h">
      <Filter>Header Files</Filter>
    </ClInclude>
  </ItemGroup>
  <ItemGroup>
    <ClCompile Include="stdafx.cpp">
      <Filter>Source Files</Filter>
    </ClCompile>
    <ClCompile Include="ScriptSys.cpp">
      <Filter>Source Files</Filter>
    </ClCompile>
    <ClCompile Include="binds\ScriptBinds_core.cpp">
      <Filter>Binds</Filter>
    </ClCompile>
    <ClCompile Include="ScriptTable.cpp">
      <Filter>Source Files</Filter>
    </ClCompile>
    <ClCompile Include="FunctionHandler.cpp">
      <Filter>Source Files</Filter>
    </ClCompile>
    <ClCompile Include="binds\ScriptBinds_script.cpp">
      <Filter>Binds</Filter>
    </ClCompile>
    <ClCompile Include="binds\ScriptBinds_io.cpp">
      <Filter>Binds</Filter>
    </ClCompile>
    <ClCompile Include="Module.cpp">
      <Filter>Source Files\EngineModule</Filter>
    </ClCompile>
    <ClCompile Include="wrapper\state.cpp">
      <Filter>Source Files\wrapper</Filter>
    </ClCompile>
    <ClCompile Include="wrapper\state_view.cpp">
      <Filter>Source Files\wrapper</Filter>
    </ClCompile>
    <ClCompile Include="wrapper\util.cpp">
      <Filter>Source Files\wrapper</Filter>
    </ClCompile>
    <ClCompile Include="Vars\ScriptVars.cpp">
      <Filter>Source Files\Vars</Filter>
    </ClCompile>
    <ClCompile Include="ScriptBinds.cpp">
      <Filter>Source Files</Filter>
    </ClCompile>
    <ClCompile Include="TableDump.cpp">
      <Filter>Source Files</Filter>
    </ClCompile>
  </ItemGroup>
  <ItemGroup>
    <None Include="Vars\ScriptVars.inl">
      <Filter>Header Files\Vars</Filter>
    </None>
  </ItemGroup>
</Project>