<?xml version="1.0" encoding="utf-8"?>
<Project ToolsVersion="4.0" xmlns="http://schemas.microsoft.com/developer/msbuild/2003">
  <ItemGroup>
    <Filter Include="Source Files">
      <UniqueIdentifier>{4FC737F1-C7A5-4376-A066-2A32D752A2FF}</UniqueIdentifier>
      <Extensions>cpp;c;cc;cxx;def;odl;idl;hpj;bat;asm;asmx</Extensions>
    </Filter>
    <Filter Include="Header Files">
      <UniqueIdentifier>{93995380-89BD-4b04-88EB-625FBE52EBFB}</UniqueIdentifier>
      <Extensions>h;hh;hpp;hxx;hm;inl;inc;xsd</Extensions>
    </Filter>
    <Filter Include="Common">
      <UniqueIdentifier>{5d2f7b0a-be46-4d10-8204-4796d58a6c04}</UniqueIdentifier>
    </Filter>
    <Filter Include="Common\Textures">
      <UniqueIdentifier>{032200d6-8077-464e-abf4-5dd788db438f}</UniqueIdentifier>
    </Filter>
    <Filter Include="DeviceManager">
      <UniqueIdentifier>{7581eb9d-8fd9-4fde-9f25-93d3c2f25038}</UniqueIdentifier>
    </Filter>
    <Filter Include="Common\Thread">
      <UniqueIdentifier>{9ab8a37d-cabb-4050-a80b-121d7c30c72a}</UniqueIdentifier>
    </Filter>
    <Filter Include="Common\Textures\Loaders">
      <UniqueIdentifier>{25b65d28-c16d-4702-9a51-65bd41d49a9e}</UniqueIdentifier>
    </Filter>
    <Filter Include="Common\Shader">
      <UniqueIdentifier>{62508ca2-9667-430c-bcf1-e211aee45c98}</UniqueIdentifier>
    </Filter>
    <Filter Include="Common\Res">
      <UniqueIdentifier>{978b8c78-d863-4bb7-b6a2-d67e83cee96a}</UniqueIdentifier>
    </Filter>
    <Filter Include="Common\Model">
      <UniqueIdentifier>{4ddb9156-290e-4d9e-9082-b86baa841d57}</UniqueIdentifier>
    </Filter>
  </ItemGroup>
  <ItemGroup>
    <ClInclude Include="stdafx.h">
      <Filter>Header Files</Filter>
    </ClInclude>
    <ClInclude Include="..\Common\Textures\XTexture.h">
      <Filter>Common\Textures</Filter>
    </ClInclude>
    <ClInclude Include="..\Common\Textures\XTextureFile.h">
      <Filter>Common\Textures</Filter>
    </ClInclude>
    <ClInclude Include="..\Common\XRender.h">
      <Filter>Common</Filter>
    </ClInclude>
    <ClInclude Include="Dx10Render.h">
      <Filter>Header Files</Filter>
    </ClInclude>
    <ClInclude Include="DeviceManager\DeviceManager.h">
      <Filter>DeviceManager</Filter>
    </ClInclude>
    <ClInclude Include="..\Common\ReaderThread.h">
      <Filter>Common\Thread</Filter>
    </ClInclude>
    <ClInclude Include="..\Common\Textures\TextureLoaderCI.h">
      <Filter>Common\Textures\Loaders</Filter>
    </ClInclude>
    <ClInclude Include="..\Common\Textures\TextureLoaderDDS.h">
      <Filter>Common\Textures\Loaders</Filter>
    </ClInclude>
    <ClInclude Include="..\Common\Textures\TextureLoaderJPG.h">
      <Filter>Common\Textures\Loaders</Filter>
    </ClInclude>
    <ClInclude Include="..\Common\Textures\TextureLoaderPNG.h">
      <Filter>Common\Textures\Loaders</Filter>
    </ClInclude>
    <ClInclude Include="..\Common\Textures\TextureLoaderPSD.h">
      <Filter>Common\Textures\Loaders</Filter>
    </ClInclude>
    <ClInclude Include="..\Common\Textures\TextureLoaderTGA.h">
      <Filter>Common\Textures\Loaders</Filter>
    </ClInclude>
    <ClInclude Include="..\Common\Shader\XShader.h">
      <Filter>Common\Shader</Filter>
    </ClInclude>
    <ClInclude Include="Dx10Shader.h">
      <Filter>Header Files</Filter>
    </ClInclude>
    <ClInclude Include="XShaderBin.h">
      <Filter>Header Files</Filter>
    </ClInclude>
    <ClInclude Include="DX10Util.h">
      <Filter>Header Files</Filter>
    </ClInclude>
    <ClInclude Include="DynamicVB.h">
      <Filter>Header Files</Filter>
    </ClInclude>
    <ClInclude Include="..\Common\MatrixStack.h">
      <Filter>Common</Filter>
    </ClInclude>
    <ClInclude Include="..\Common\Resources\BaseRenderAsset.h">
      <Filter>Common\Res</Filter>
    </ClInclude>
    <ClInclude Include="..\Common\Model\XRenderMesh.h">
      <Filter>Common\Model</Filter>
    </ClInclude>
    <ClInclude Include="DeviceManager\VidMemManager.h">
      <Filter>DeviceManager</Filter>
    </ClInclude>
    <ClInclude Include="..\Common\TextDrawList.h">
      <Filter>Common</Filter>
    </ClInclude>
    <ClInclude Include="Dx10RenderAux.h">
      <Filter>Header Files</Filter>
    </ClInclude>
    <ClInclude Include="..\Common\RenderAux.h">
      <Filter>Common</Filter>
    </ClInclude>
    <ClInclude Include="..\Common\Textures\CI_Img.h">
      <Filter>Common\Textures</Filter>
    </ClInclude>
  </ItemGroup>
  <ItemGroup>
    <ClCompile Include="stdafx.cpp">
      <Filter>Source Files</Filter>
    </ClCompile>
    <ClCompile Include="..\Common\Textures\XTexture.cpp">
      <Filter>Common\Textures</Filter>
    </ClCompile>
    <ClCompile Include="..\Common\XRender.cpp">
      <Filter>Common</Filter>
    </ClCompile>
    <ClCompile Include="Dx10DriverDx10.cpp">
      <Filter>Source Files</Filter>
    </ClCompile>
    <ClCompile Include="Dx10Render.cpp">
      <Filter>Source Files</Filter>
    </ClCompile>
    <ClCompile Include="Dx10Texture.cpp">
      <Filter>Source Files</Filter>
    </ClCompile>
    <ClCompile Include="..\Common\ReaderThread.cpp">
      <Filter>Common\Thread</Filter>
    </ClCompile>
    <ClCompile Include="..\Common\Textures\TextureLoaderCI.cpp">
      <Filter>Common\Textures\Loaders</Filter>
    </ClCompile>
    <ClCompile Include="..\Common\Textures\TextureLoaderDDS.cpp">
      <Filter>Common\Textures\Loaders</Filter>
    </ClCompile>
    <ClCompile Include="..\Common\Textures\TextureLoaderJPG.cpp">
      <Filter>Common\Textures\Loaders</Filter>
    </ClCompile>
    <ClCompile Include="..\Common\Textures\TextureLoaderPNG.cpp">
      <Filter>Common\Textures\Loaders</Filter>
    </ClCompile>
    <ClCompile Include="..\Common\Textures\TextureLoaderPSD.cpp">
      <Filter>Common\Textures\Loaders</Filter>
    </ClCompile>
    <ClCompile Include="..\Common\Textures\TextureLoaderTGA.cpp">
      <Filter>Common\Textures\Loaders</Filter>
    </ClCompile>
    <ClCompile Include="Dx10RenderThread.cpp">
      <Filter>Source Files</Filter>
    </ClCompile>
    <ClCompile Include="..\Common\Shader\XShader.cpp">
      <Filter>Common\Shader</Filter>
    </ClCompile>
    <ClCompile Include="Dx10Shader.cpp">
      <Filter>Source Files</Filter>
    </ClCompile>
    <ClCompile Include="..\Common\Shader\XHWShader.cpp">
      <Filter>Common\Shader</Filter>
    </ClCompile>
    <ClCompile Include="XShaderBin.cpp">
      <Filter>Source Files</Filter>
    </ClCompile>
    <ClCompile Include="..\Common\MatrixStack.cpp">
      <Filter>Common</Filter>
    </ClCompile>
    <ClCompile Include="Dx10Font.cpp">
      <Filter>Source Files</Filter>
    </ClCompile>
    <ClCompile Include="..\Common\RenderResources.cpp">
      <Filter>Common</Filter>
    </ClCompile>
    <ClCompile Include="..\Common\Resources\BaseRenderAsset.cpp">
      <Filter>Common\Res</Filter>
    </ClCompile>
    <ClCompile Include="..\Common\Model\XRenderMesh.cpp">
      <Filter>Common\Model</Filter>
    </ClCompile>
    <ClCompile Include="DeviceManager\VidMemManager.cpp">
      <Filter>DeviceManager</Filter>
    </ClCompile>
    <ClCompile Include="Dx10RenderAux.cpp">
      <Filter>Source Files</Filter>
    </ClCompile>
    <ClCompile Include="..\Common\RenderAux.cpp">
      <Filter>Common</Filter>
    </ClCompile>
    <ClCompile Include="DX10RenderAuxLods.cpp">
      <Filter>Source Files</Filter>
    </ClCompile>
    <ClCompile Include="..\Common\TextDrawList.cpp">
      <Filter>Common</Filter>
    </ClCompile>
    <ClCompile Include="Dx10DrawMisc.cpp">
      <Filter>Source Files</Filter>
    </ClCompile>
    <ClCompile Include="Dx10RenderStates.cpp">
      <Filter>Source Files</Filter>
    </ClCompile>
    <ClCompile Include="Dx10HWShader.cpp">
      <Filter>Source Files</Filter>
    </ClCompile>
    <ClCompile Include="..\Common\Textures\XTextureFile.cpp">
      <Filter>Common\Textures</Filter>
    </ClCompile>
    <ClCompile Include="..\Common\Textures\CI_Img.cpp">
      <Filter>Common\Textures</Filter>
    </ClCompile>
  </ItemGroup>
  <ItemGroup>
    <None Include="Dx10Render.inl">
      <Filter>Header Files</Filter>
    </None>
  </ItemGroup>
</Project>