<?xml version="1.0" encoding="utf-8"?>
<Project ToolsVersion="4.0" xmlns="http://schemas.microsoft.com/developer/msbuild/2003">
  <ItemGroup>
    <Filter Include="Source Files">
      <UniqueIdentifier>{4FC737F1-C7A5-4376-A066-2A32D752A2FF}</UniqueIdentifier>
      <Extensions>cpp;c;cc;cxx;def;odl;idl;hpj;bat;asm;asmx</Extensions>
    </Filter>
    <Filter Include="Header Files">
      <UniqueIdentifier>{93995380-89BD-4b04-88EB-625FBE52EBFB}</UniqueIdentifier>
      <Extensions>h;hh;hpp;hxx;hm;inl;inc;xsd</Extensions>
    </Filter>
    <Filter Include="Header Files\Logger">
      <UniqueIdentifier>{cd3c9ab7-4316-41da-9e62-362dee4d9dc5}</UniqueIdentifier>
    </Filter>
    <Filter Include="Source Files\Logger">
      <UniqueIdentifier>{42fc5127-2081-45f0-8f42-0aaeaeb19153}</UniqueIdentifier>
    </Filter>
    <Filter Include="Source Files\Model">
      <UniqueIdentifier>{8670cf6b-4946-4bb8-8b54-ff821cad29e2}</UniqueIdentifier>
    </Filter>
    <Filter Include="Header Files\Model">
      <UniqueIdentifier>{bce5ea98-e1a8-408d-b880-83f765f2a6bf}</UniqueIdentifier>
    </Filter>
    <Filter Include="Header Files\Util">
      <UniqueIdentifier>{27b01224-72c2-43c1-8ee2-1e3d38d0ecaa}</UniqueIdentifier>
    </Filter>
    <Filter Include="Source Files\Util">
      <UniqueIdentifier>{e39669bd-4134-499f-b92a-b1ad46d4c936}</UniqueIdentifier>
    </Filter>
    <Filter Include="proto">
      <UniqueIdentifier>{74bc2f62-26be-46da-b6da-30a74ac7f4f9}</UniqueIdentifier>
    </Filter>
    <Filter Include="Source Files\Anim">
      <UniqueIdentifier>{62a0f111-5589-41e2-8341-0d1058f508b9}</UniqueIdentifier>
    </Filter>
    <Filter Include="Header Files\Anim">
      <UniqueIdentifier>{03d6783b-6cff-4db2-9360-078596d62859}</UniqueIdentifier>
    </Filter>
  </ItemGroup>
  <ItemGroup>
    <ClInclude Include="stdafx.h">
      <Filter>Header Files</Filter>
    </ClInclude>
    <ClInclude Include="AssetDB.h">
      <Filter>Header Files</Filter>
    </ClInclude>
    <ClInclude Include="SettingsCmd.h">
      <Filter>Header Files</Filter>
    </ClInclude>
    <ClInclude Include="EngineApp.h">
      <Filter>Header Files</Filter>
    </ClInclude>
    <ClInclude Include="MayaLogger.h">
      <Filter>Header Files\Logger</Filter>
    </ClInclude>
    <ClInclude Include="ModelExporter.h">
      <Filter>Header Files\Model</Filter>
    </ClInclude>
    <ClInclude Include="AppDataPath.h">
      <Filter>Header Files\Util</Filter>
    </ClInclude>
    <ClInclude Include="Hierarchy.h">
      <Filter>Header Files\Util</Filter>
    </ClInclude>
    <ClInclude Include="MayaUtil.h">
      <Filter>Header Files\Util</Filter>
    </ClInclude>
    <ClInclude Include="Profiler.h">
      <Filter>Header Files\Util</Filter>
    </ClInclude>
    <ClInclude Include="MayaLoggerFormat.h">
      <Filter>Header Files\Logger</Filter>
    </ClInclude>
    <ClInclude Include="..\protobuf\src\assetdb.pb.h">
      <Filter>proto</Filter>
    </ClInclude>
    <ClInclude Include="AnimExport.h">
      <Filter>Header Files\Anim</Filter>
    </ClInclude>
  </ItemGroup>
  <ItemGroup>
    <ClCompile Include="stdafx.cpp">
      <Filter>Source Files</Filter>
    </ClCompile>
    <ClCompile Include="MayaExport.cpp">
      <Filter>Source Files</Filter>
    </ClCompile>
    <ClCompile Include="dllmain.cpp">
      <Filter>Source Files</Filter>
    </ClCompile>
    <ClCompile Include="AssetDB.cpp">
      <Filter>Source Files</Filter>
    </ClCompile>
    <ClCompile Include="SettingsCmd.cpp">
      <Filter>Source Files</Filter>
    </ClCompile>
    <ClCompile Include="EngineApp.cpp">
      <Filter>Source Files</Filter>
    </ClCompile>
    <ClCompile Include="MayaLogger.cpp">
      <Filter>Source Files\Logger</Filter>
    </ClCompile>
    <ClCompile Include="ModelExporter.cpp">
      <Filter>Source Files\Model</Filter>
    </ClCompile>
    <ClCompile Include="MayaUtil.cpp">
      <Filter>Source Files\Util</Filter>
    </ClCompile>
    <ClCompile Include="Profiler.cpp">
      <Filter>Source Files\Util</Filter>
    </ClCompile>
    <ClCompile Include="AppDataPath.cpp">
      <Filter>Source Files\Util</Filter>
    </ClCompile>
    <ClCompile Include="MayaLoggerFormat.cpp">
      <Filter>Source Files\Logger</Filter>
    </ClCompile>
    <ClCompile Include="..\protobuf\src\assetdb.pb.cc">
      <Filter>proto</Filter>
    </ClCompile>
    <ClCompile Include="AnimExport.cpp">
      <Filter>Source Files\Anim</Filter>
    </ClCompile>
  </ItemGroup>
</Project>