<?xml version="1.0" encoding="utf-8"?>
<Project ToolsVersion="4.0" xmlns="http://schemas.microsoft.com/developer/msbuild/2003">
  <ItemGroup>
    <ClCompile Include="RenderEngine.cpp" />
    <ClCompile Include="stdafx.cpp" />
    <ClCompile Include="ModelLoader.cpp">
      <Filter>Model</Filter>
    </ClCompile>
    <ClCompile Include="Material.cpp">
      <Filter>Material</Filter>
    </ClCompile>
    <ClCompile Include="MaterialManager.cpp">
      <Filter>Material</Filter>
    </ClCompile>
    <ClCompile Include="X3DEngine.cpp">
      <Filter>Engine</Filter>
    </ClCompile>
    <ClCompile Include="Gui\XWindow.cpp">
      <Filter>Gui</Filter>
    </ClCompile>
    <ClCompile Include="Gui\SimpleWindow.cpp">
      <Filter>Gui</Filter>
    </ClCompile>
    <ClCompile Include="Gui\GuiManger.cpp">
      <Filter>Gui</Filter>
    </ClCompile>
    <ClCompile Include="Gui\Gui.cpp">
      <Filter>Gui</Filter>
    </ClCompile>
    <ClCompile Include="Gui\WinVar.cpp">
      <Filter>Gui</Filter>
    </ClCompile>
    <ClCompile Include="Gui\RegExp.cpp">
      <Filter>Gui</Filter>
    </ClCompile>
    <ClCompile Include="Gui\GuiScript.cpp">
      <Filter>Gui</Filter>
    </ClCompile>
    <ClCompile Include="Level.cpp">
      <Filter>Level</Filter>
    </ClCompile>
    <ClCompile Include="Level_load.cpp">
      <Filter>Level</Filter>
    </ClCompile>
    <ClCompile Include="Level_portal.cpp">
      <Filter>Level</Filter>
    </ClCompile>
    <ClCompile Include="ModelManager.cpp">
      <Filter>Model</Filter>
    </ClCompile>
    <ClCompile Include="XModel.cpp">
      <Filter>Model</Filter>
    </ClCompile>
  </ItemGroup>
  <ItemGroup>
    <ClInclude Include="stdafx.h" />
    <ClInclude Include="ModelLoader.h">
      <Filter>Model</Filter>
    </ClInclude>
    <ClInclude Include="Material.h">
      <Filter>Material</Filter>
    </ClInclude>
    <ClInclude Include="MaterialManager.h">
      <Filter>Material</Filter>
    </ClInclude>
    <ClInclude Include="XModel.h">
      <Filter>Model</Filter>
    </ClInclude>
    <ClInclude Include="X3DEngine.h">
      <Filter>Engine</Filter>
    </ClInclude>
    <ClInclude Include="EngineBase.h" />
    <ClInclude Include="Gui\XWindow.h">
      <Filter>Gui</Filter>
    </ClInclude>
    <ClInclude Include="Gui\SimpleWindow.h">
      <Filter>Gui</Filter>
    </ClInclude>
    <ClInclude Include="Gui\GuiManger.h">
      <Filter>Gui</Filter>
    </ClInclude>
    <ClInclude Include="Gui\Gui.h">
      <Filter>Gui</Filter>
    </ClInclude>
    <ClInclude Include="Gui\WinVar.h">
      <Filter>Gui</Filter>
    </ClInclude>
    <ClInclude Include="Gui\RegExp.h">
      <Filter>Gui</Filter>
    </ClInclude>
    <ClInclude Include="Gui\GuiScript.h">
      <Filter>Gui</Filter>
    </ClInclude>
    <ClInclude Include="Level.h">
      <Filter>Level</Filter>
    </ClInclude>
    <ClInclude Include="ModelManager.h">
      <Filter>Model</Filter>
    </ClInclude>
  </ItemGroup>
  <ItemGroup>
    <Filter Include="Material">
      <UniqueIdentifier>{837bf555-33f5-48ac-81e4-b129441b18b3}</UniqueIdentifier>
    </Filter>
    <Filter Include="Model">
      <UniqueIdentifier>{99d35eff-241a-423e-89a4-fdefd680f967}</UniqueIdentifier>
    </Filter>
    <Filter Include="Engine">
      <UniqueIdentifier>{253c833b-0a18-47f4-912e-9a19fba55b61}</UniqueIdentifier>
    </Filter>
    <Filter Include="Level">
      <UniqueIdentifier>{689f5c3d-f3d7-46f5-94d9-b78b112d39fb}</UniqueIdentifier>
    </Filter>
    <Filter Include="Gui">
      <UniqueIdentifier>{088ce574-42cf-4f73-b7e5-f88a3c8ac886}</UniqueIdentifier>
    </Filter>
  </ItemGroup>
  <ItemGroup>
    <None Include="Gui\XWindow.inl">
      <Filter>Gui</Filter>
    </None>
    <None Include="Gui\SimpleWindow.inl">
      <Filter>Gui</Filter>
    </None>
    <None Include="Gui\Gui.inl">
      <Filter>Gui</Filter>
    </None>
  </ItemGroup>
</Project>