<?xml version="1.0" encoding="utf-8"?>
<Project ToolsVersion="4.0" xmlns="http://schemas.microsoft.com/developer/msbuild/2003">
  <ItemGroup>
    <ClCompile Include="Gui\Gui.cpp">
      <Filter>Source Files\Gui</Filter>
    </ClCompile>
    <ClCompile Include="Gui\GuiManger.cpp">
      <Filter>Source Files\Gui</Filter>
    </ClCompile>
    <ClCompile Include="Gui\GuiScript.cpp">
      <Filter>Source Files\Gui</Filter>
    </ClCompile>
    <ClCompile Include="Gui\RegExp.cpp">
      <Filter>Source Files\Gui</Filter>
    </ClCompile>
    <ClCompile Include="Gui\SimpleWindow.cpp">
      <Filter>Source Files\Gui</Filter>
    </ClCompile>
    <ClCompile Include="Gui\WinVar.cpp">
      <Filter>Source Files\Gui</Filter>
    </ClCompile>
    <ClCompile Include="Gui\XWindow.cpp">
      <Filter>Source Files\Gui</Filter>
    </ClCompile>
    <ClCompile Include="X3DEngine.cpp">
      <Filter>Source Files</Filter>
    </ClCompile>
    <ClCompile Include="stdafx.cpp">
      <Filter>Source Files</Filter>
    </ClCompile>
    <ClCompile Include="Model\ModelManager.cpp">
      <Filter>Source Files\Model</Filter>
    </ClCompile>
    <ClCompile Include="Material\MaterialManager.cpp">
      <Filter>Source Files\Material</Filter>
    </ClCompile>
    <ClCompile Include="Level\Level.cpp">
      <Filter>Source Files\Level</Filter>
    </ClCompile>
    <ClCompile Include="Level\Level_load.cpp">
      <Filter>Source Files\Level</Filter>
    </ClCompile>
    <ClCompile Include="Level\Level_portal.cpp">
      <Filter>Source Files\Level</Filter>
    </ClCompile>
    <ClCompile Include="Module.cpp">
      <Filter>Source Files\EngineModule</Filter>
    </ClCompile>
    <ClCompile Include="Model\RenderMesh.cpp">
      <Filter>Source Files\Model</Filter>
    </ClCompile>
    <ClCompile Include="Drawing\PrimativeContext.cpp">
      <Filter>Source Files\Drawing</Filter>
    </ClCompile>
    <ClCompile Include="Drawing\CBufferManager.cpp">
      <Filter>Source Files\Drawing</Filter>
    </ClCompile>
    <ClCompile Include="Drawing\VariableStateManager.cpp">
      <Filter>Source Files\Drawing</Filter>
    </ClCompile>
    <ClCompile Include="Material\TechDefStateManager.cpp">
      <Filter>Source Files\Material</Filter>
    </ClCompile>
    <ClCompile Include="Level\Level_debug.cpp">
      <Filter>Source Files\Level</Filter>
    </ClCompile>
    <ClCompile Include="Texture\TextureManager.cpp">
      <Filter>Source Files\Texture</Filter>
    </ClCompile>
    <ClCompile Include="Vars\TextureVars.cpp">
      <Filter>Source Files\Vars</Filter>
    </ClCompile>
    <ClCompile Include="Texture\Texture.cpp">
      <Filter>Source Files\Texture</Filter>
    </ClCompile>
    <ClCompile Include="Vars\MaterialVars.cpp">
      <Filter>Source Files\Vars</Filter>
    </ClCompile>
    <ClCompile Include="World\World3D.cpp">
      <Filter>Source Files\World</Filter>
    </ClCompile>
    <ClCompile Include="Anim\AnimManager.cpp">
      <Filter>Source Files\Anim</Filter>
    </ClCompile>
    <ClCompile Include="Anim\AnimInstance.cpp">
      <Filter>Source Files\Anim</Filter>
    </ClCompile>
    <ClCompile Include="Vars\DrawVars.cpp">
      <Filter>Source Files\Vars</Filter>
    </ClCompile>
    <ClCompile Include="Model\RenderModel.cpp">
      <Filter>Source Files\Model</Filter>
    </ClCompile>
    <ClCompile Include="Particles\FxManager.cpp">
      <Filter>Source Files\Particles</Filter>
    </ClCompile>
    <ClCompile Include="Particles\Effect.cpp">
      <Filter>Source Files\Particles</Filter>
    </ClCompile>
    <ClCompile Include="Vars\EffectVars.cpp">
      <Filter>Source Files\Vars</Filter>
    </ClCompile>
    <ClCompile Include="Particles\Emitter.cpp">
      <Filter>Source Files\Particles</Filter>
    </ClCompile>
  </ItemGroup>
  <ItemGroup>
    <ClInclude Include="Gui\XWindow.h">
      <Filter>Header Files\Gui</Filter>
    </ClInclude>
    <ClInclude Include="Gui\WinVar.h">
      <Filter>Header Files\Gui</Filter>
    </ClInclude>
    <ClInclude Include="Gui\SimpleWindow.h">
      <Filter>Header Files\Gui</Filter>
    </ClInclude>
    <ClInclude Include="Gui\RegExp.h">
      <Filter>Header Files\Gui</Filter>
    </ClInclude>
    <ClInclude Include="Gui\GuiScript.h">
      <Filter>Header Files\Gui</Filter>
    </ClInclude>
    <ClInclude Include="Gui\GuiManger.h">
      <Filter>Header Files\Gui</Filter>
    </ClInclude>
    <ClInclude Include="Gui\Gui.h">
      <Filter>Header Files\Gui</Filter>
    </ClInclude>
    <ClInclude Include="X3DEngine.h">
      <Filter>Header Files</Filter>
    </ClInclude>
    <ClInclude Include="stdafx.h">
      <Filter>Header Files</Filter>
    </ClInclude>
    <ClInclude Include="Model\ModelManager.h">
      <Filter>Header Files\Model</Filter>
    </ClInclude>
    <ClInclude Include="Material\MaterialManager.h">
      <Filter>Header Files\Material</Filter>
    </ClInclude>
    <ClInclude Include="Level\Level.h">
      <Filter>Header Files\Level</Filter>
    </ClInclude>
    <ClInclude Include="Model\RenderMesh.h">
      <Filter>Header Files\Model</Filter>
    </ClInclude>
    <ClInclude Include="Drawing\PrimativeContext.h">
      <Filter>Header Files\Drawing</Filter>
    </ClInclude>
    <ClInclude Include="Drawing\CBufferManager.h">
      <Filter>Header Files\Drawing</Filter>
    </ClInclude>
    <ClInclude Include="Drawing\VariableStateManager.h">
      <Filter>Header Files\Drawing</Filter>
    </ClInclude>
    <ClInclude Include="Material\TechDefStateManager.h">
      <Filter>Header Files\Material</Filter>
    </ClInclude>
    <ClInclude Include="Util\Config.h">
      <Filter>Header Files\Util</Filter>
    </ClInclude>
    <ClInclude Include="Texture\TextureManager.h">
      <Filter>Header Files\Texture</Filter>
    </ClInclude>
    <ClInclude Include="Vars\TextureVars.h">
      <Filter>Header Files\Vars</Filter>
    </ClInclude>
    <ClInclude Include="Texture\Texture.h">
      <Filter>Header Files\Texture</Filter>
    </ClInclude>
    <ClInclude Include="EngineEnv.h">
      <Filter>Header Files</Filter>
    </ClInclude>
    <ClInclude Include="Vars\MaterialVars.h">
      <Filter>Header Files\Vars</Filter>
    </ClInclude>
    <ClInclude Include="World\World3D.h">
      <Filter>Header Files\World</Filter>
    </ClInclude>
    <ClInclude Include="Anim\AnimManager.h">
      <Filter>Header Files\Anim</Filter>
    </ClInclude>
    <ClInclude Include="Anim\AnimInstance.h">
      <Filter>Header Files\Anim</Filter>
    </ClInclude>
    <ClInclude Include="Vars\DrawVars.h">
      <Filter>Header Files\Vars</Filter>
    </ClInclude>
    <ClInclude Include="Model\RenderModel.h">
      <Filter>Header Files\Model</Filter>
    </ClInclude>
    <ClInclude Include="Particles\FxManager.h">
      <Filter>Header Files\Particles</Filter>
    </ClInclude>
    <ClInclude Include="Particles\Effect.h">
      <Filter>Header Files\Particles</Filter>
    </ClInclude>
    <ClInclude Include="Vars\EffectVars.h">
      <Filter>Header Files\Vars</Filter>
    </ClInclude>
    <ClInclude Include="Particles\Emitter.h">
      <Filter>Header Files\Particles</Filter>
    </ClInclude>
  </ItemGroup>
  <ItemGroup>
    <Filter Include="Header Files">
      <UniqueIdentifier>{fdd07de1-0d35-4c87-8985-6f3f930f18c8}</UniqueIdentifier>
    </Filter>
    <Filter Include="Source Files">
      <UniqueIdentifier>{22d50922-3d14-4b76-b33a-82f4a6b989a5}</UniqueIdentifier>
    </Filter>
    <Filter Include="Source Files\Model">
      <UniqueIdentifier>{8ce7dd93-7d86-423f-9559-3416974b0fbf}</UniqueIdentifier>
    </Filter>
    <Filter Include="Header Files\Model">
      <UniqueIdentifier>{e839fd1d-98cd-43d3-ade3-e1a716f4c966}</UniqueIdentifier>
    </Filter>
    <Filter Include="Header Files\Material">
      <UniqueIdentifier>{bed31ded-5182-40a6-b1f5-abe33ba3bb7a}</UniqueIdentifier>
    </Filter>
    <Filter Include="Source Files\Material">
      <UniqueIdentifier>{26182522-16e9-44a5-aa08-0328c341000e}</UniqueIdentifier>
    </Filter>
    <Filter Include="Header Files\Level">
      <UniqueIdentifier>{7728791d-f38a-48c2-9018-d664de721dd3}</UniqueIdentifier>
    </Filter>
    <Filter Include="Source Files\Level">
      <UniqueIdentifier>{230c3920-fd26-4326-9ef0-6f50c8b95acc}</UniqueIdentifier>
    </Filter>
    <Filter Include="Header Files\Gui">
      <UniqueIdentifier>{465beb4f-f5cf-494a-a960-888c1b62f5f8}</UniqueIdentifier>
    </Filter>
    <Filter Include="Source Files\Gui">
      <UniqueIdentifier>{3f5cb7f3-cfa7-4d7a-b5ee-bd2722091137}</UniqueIdentifier>
    </Filter>
    <Filter Include="Header Files\Drawing">
      <UniqueIdentifier>{677522fe-f2c2-42b7-9e04-e9e680d17ac0}</UniqueIdentifier>
    </Filter>
    <Filter Include="Source Files\Drawing">
      <UniqueIdentifier>{876cd417-e7a9-4f96-b538-6d48eeea928d}</UniqueIdentifier>
    </Filter>
    <Filter Include="Source Files\EngineModule">
      <UniqueIdentifier>{01ba8cbc-4be9-4335-b3b3-936c4abb977e}</UniqueIdentifier>
    </Filter>
    <Filter Include="Header Files\Util">
      <UniqueIdentifier>{c746e8c0-59ff-4cb6-95ac-19eeec401dfc}</UniqueIdentifier>
    </Filter>
    <Filter Include="Header Files\Texture">
      <UniqueIdentifier>{f73413da-8ba8-4833-80f4-53e3c5944654}</UniqueIdentifier>
    </Filter>
    <Filter Include="Source Files\Texture">
      <UniqueIdentifier>{5e323390-8040-46e1-b59a-6868e2420b13}</UniqueIdentifier>
    </Filter>
    <Filter Include="Header Files\Vars">
      <UniqueIdentifier>{69baf4f3-4375-49a8-9960-ffbcbbfac06e}</UniqueIdentifier>
    </Filter>
    <Filter Include="Source Files\Vars">
      <UniqueIdentifier>{41f474c8-58fd-4c6f-8f8c-ced3decc3fc3}</UniqueIdentifier>
    </Filter>
    <Filter Include="Header Files\World">
      <UniqueIdentifier>{f468ac99-5e50-4faa-8bec-08da5755efac}</UniqueIdentifier>
    </Filter>
    <Filter Include="Source Files\World">
      <UniqueIdentifier>{4e35fdca-3d78-4564-bd6c-2bf5f9da529f}</UniqueIdentifier>
    </Filter>
    <Filter Include="Header Files\Anim">
      <UniqueIdentifier>{dd11c62b-13f6-4801-a231-ec5c618a1ae0}</UniqueIdentifier>
    </Filter>
    <Filter Include="Source Files\Anim">
      <UniqueIdentifier>{961f0b72-6e4b-4729-a846-bfe63a4d9324}</UniqueIdentifier>
    </Filter>
    <Filter Include="Header Files\Particles">
      <UniqueIdentifier>{4def1e0a-9112-414e-b30d-b4e649136cfc}</UniqueIdentifier>
    </Filter>
    <Filter Include="Source Files\Particles">
      <UniqueIdentifier>{29dff7e1-aa59-4369-a38b-5c132bea788d}</UniqueIdentifier>
    </Filter>
  </ItemGroup>
  <ItemGroup>
    <None Include="Gui\XWindow.inl">
      <Filter>Header Files\Gui</Filter>
    </None>
    <None Include="Gui\SimpleWindow.inl">
      <Filter>Header Files\Gui</Filter>
    </None>
    <None Include="Gui\Gui.inl">
      <Filter>Header Files\Gui</Filter>
    </None>
    <None Include="Model\RenderMesh.inl">
      <Filter>Header Files\Model</Filter>
    </None>
    <None Include="Drawing\PrimativeContext.inl">
      <Filter>Header Files\Drawing</Filter>
    </None>
    <None Include="Material\TechDefStateManager.inl">
      <Filter>Header Files\Material</Filter>
    </None>
    <None Include="Material\MaterialManager.inl">
      <Filter>Header Files\Material</Filter>
    </None>
    <None Include="Vars\TextureVars.inl">
      <Filter>Header Files\Vars</Filter>
    </None>
    <None Include="Texture\Texture.inl">
      <Filter>Header Files\Texture</Filter>
    </None>
    <None Include="Vars\MaterialVars.inl">
      <Filter>Header Files\Vars</Filter>
    </None>
    <None Include="World\World3D.inl">
      <Filter>Header Files\World</Filter>
    </None>
    <None Include="Vars\DrawVars.inl">
      <Filter>Header Files\Vars</Filter>
    </None>
    <None Include="Model\RenderModel.inl">
      <Filter>Header Files\Model</Filter>
    </None>
    <None Include="Vars\EffectVars.inl">
      <Filter>Header Files\Vars</Filter>
    </None>
    <None Include="Particles\Effect.inl">
      <Filter>Header Files\Particles</Filter>
    </None>
  </ItemGroup>
</Project>