<?xml version="1.0" encoding="utf-8"?>
<Project ToolsVersion="4.0" xmlns="http://schemas.microsoft.com/developer/msbuild/2003">
  <ItemGroup>
    <Filter Include="Model">
      <UniqueIdentifier>{93995380-89BD-4b04-88EB-625FBE52EBFB}</UniqueIdentifier>
      <Extensions>h;hh;hpp;hxx;hm;inl;inc;xsd</Extensions>
    </Filter>
    <Filter Include="Material">
      <UniqueIdentifier>{6919870a-d97f-48c4-915b-d4a0fb6fbece}</UniqueIdentifier>
    </Filter>
    <Filter Include="Texture">
      <UniqueIdentifier>{b3750552-d4db-4d02-a8e6-6807a9f8d29f}</UniqueIdentifier>
    </Filter>
  </ItemGroup>
  <ItemGroup>
    <ClCompile Include="stdafx.cpp" />
    <ClCompile Include="ModelLoader.cpp">
      <Filter>Model</Filter>
    </ClCompile>
    <ClCompile Include="RenderEngine.cpp" />
    <ClCompile Include="Material.cpp" />
    <ClCompile Include="MaterialManager.cpp">
      <Filter>Material</Filter>
    </ClCompile>
    <ClCompile Include="TextureLoaderDDS.cpp">
      <Filter>Texture</Filter>
    </ClCompile>
    <ClCompile Include="TextureLoaderPSD.cpp">
      <Filter>Texture</Filter>
    </ClCompile>
    <ClCompile Include="TextureLoaderTGA.cpp">
      <Filter>Texture</Filter>
    </ClCompile>
    <ClCompile Include="TextureLoaderJPG.cpp">
      <Filter>Texture</Filter>
    </ClCompile>
    <ClCompile Include="TextureLoaderPNG.cpp">
      <Filter>Texture</Filter>
    </ClCompile>
    <ClCompile Include="TextureLoaderCI.cpp">
      <Filter>Texture</Filter>
    </ClCompile>
    <ClCompile Include="X3DEngine.cpp" />
  </ItemGroup>
  <ItemGroup>
    <ClInclude Include="stdafx.h" />
    <ClInclude Include="ModelLoader.h">
      <Filter>Model</Filter>
    </ClInclude>
    <ClInclude Include="XModel.h">
      <Filter>Model</Filter>
    </ClInclude>
    <ClInclude Include="Material.h">
      <Filter>Material</Filter>
    </ClInclude>
    <ClInclude Include="MaterialManager.h">
      <Filter>Material</Filter>
    </ClInclude>
    <ClInclude Include="TextureLoaderDDS.h">
      <Filter>Texture</Filter>
    </ClInclude>
    <ClInclude Include="TextureLoaderPSD.h">
      <Filter>Texture</Filter>
    </ClInclude>
    <ClInclude Include="TextureLoaderTGA.h">
      <Filter>Texture</Filter>
    </ClInclude>
    <ClInclude Include="TextureLoaderJPG.h">
      <Filter>Texture</Filter>
    </ClInclude>
    <ClInclude Include="TextureLoaderPNG.h">
      <Filter>Texture</Filter>
    </ClInclude>
    <ClInclude Include="TextureLoaderCI.h">
      <Filter>Texture</Filter>
    </ClInclude>
    <ClInclude Include="X3DEngine.h" />
  </ItemGroup>
</Project>