<?xml version="1.0" encoding="utf-8"?>
<Project ToolsVersion="4.0" xmlns="http://schemas.microsoft.com/developer/msbuild/2003">
  <ItemGroup>
    <Filter Include="Source Files">
      <UniqueIdentifier>{4FC737F1-C7A5-4376-A066-2A32D752A2FF}</UniqueIdentifier>
      <Extensions>cpp;c;cc;cxx;def;odl;idl;hpj;bat;asm;asmx</Extensions>
    </Filter>
    <Filter Include="Header Files">
      <UniqueIdentifier>{93995380-89BD-4b04-88EB-625FBE52EBFB}</UniqueIdentifier>
      <Extensions>h;hh;hpp;hxx;hm;inl;inc;xsd</Extensions>
    </Filter>
    <Filter Include="Resource Files">
      <UniqueIdentifier>{67DA6AB6-F800-4c08-8B7A-83BB121AAD01}</UniqueIdentifier>
      <Extensions>rc;ico;cur;bmp;dlg;rc2;rct;bin;rgs;gif;jpg;jpeg;jpe;resx;tiff;tif;png;wav;mfcribbon-ms</Extensions>
    </Filter>
    <Filter Include="Win32">
      <UniqueIdentifier>{4253da1b-a726-4402-80ec-2adfcb604325}</UniqueIdentifier>
    </Filter>
  </ItemGroup>
  <ItemGroup>
    <ClInclude Include="stdafx.h">
      <Filter>Header Files</Filter>
    </ClInclude>
    <ClInclude Include="IPInput.h">
      <Filter>Header Files</Filter>
    </ClInclude>
    <ClInclude Include="InputCVars.h">
      <Filter>Header Files</Filter>
    </ClInclude>
    <ClInclude Include="BaseInput.h">
      <Filter>Header Files</Filter>
    </ClInclude>
    <ClInclude Include="Mouse.h">
      <Filter>Win32</Filter>
    </ClInclude>
    <ClInclude Include="Keyboard.h">
      <Filter>Win32</Filter>
    </ClInclude>
    <ClInclude Include="InputDevice.h">
      <Filter>Header Files</Filter>
    </ClInclude>
    <ClInclude Include="InputDeviceWin32.h">
      <Filter>Win32</Filter>
    </ClInclude>
    <ClInclude Include="Win32Input.h">
      <Filter>Win32</Filter>
    </ClInclude>
  </ItemGroup>
  <ItemGroup>
    <ClCompile Include="stdafx.cpp">
      <Filter>Source Files</Filter>
    </ClCompile>
    <ClCompile Include="IPInput.cpp">
      <Filter>Source Files</Filter>
    </ClCompile>
    <ClCompile Include="InputCVars.cpp">
      <Filter>Source Files</Filter>
    </ClCompile>
    <ClCompile Include="BaseInput.cpp">
      <Filter>Source Files</Filter>
    </ClCompile>
    <ClCompile Include="Win32Input.cpp">
      <Filter>Win32</Filter>
    </ClCompile>
    <ClCompile Include="Mouse.cpp">
      <Filter>Win32</Filter>
    </ClCompile>
    <ClCompile Include="Keyboard.cpp">
      <Filter>Win32</Filter>
    </ClCompile>
    <ClCompile Include="InputDevice.cpp">
      <Filter>Source Files</Filter>
    </ClCompile>
    <ClCompile Include="InputDeviceWin32.cpp">
      <Filter>Win32</Filter>
    </ClCompile>
  </ItemGroup>
</Project>