<?xml version="1.0" encoding="utf-8"?>
<Project ToolsVersion="4.0" xmlns="http://schemas.microsoft.com/developer/msbuild/2003">
  <ItemGroup>
    <Filter Include="Source Files">
      <UniqueIdentifier>{4FC737F1-C7A5-4376-A066-2A32D752A2FF}</UniqueIdentifier>
      <Extensions>cpp;c;cc;cxx;def;odl;idl;hpj;bat;asm;asmx</Extensions>
    </Filter>
    <Filter Include="Header Files">
      <UniqueIdentifier>{93995380-89BD-4b04-88EB-625FBE52EBFB}</UniqueIdentifier>
      <Extensions>h;hh;hpp;hxx;hm;inl;inc;xsd</Extensions>
    </Filter>
    <Filter Include="Header Files\RawModel">
      <UniqueIdentifier>{8e318376-4ecb-4918-8e5e-9288d4483348}</UniqueIdentifier>
    </Filter>
    <Filter Include="Source Files\RawModel">
      <UniqueIdentifier>{0f0b67d8-1a05-48c7-ae5d-188972383b7d}</UniqueIdentifier>
    </Filter>
  </ItemGroup>
  <ItemGroup>
    <ClInclude Include="stdafx.h">
      <Filter>Header Files</Filter>
    </ClInclude>
    <ClInclude Include="XModelLib.h">
      <Filter>Header Files</Filter>
    </ClInclude>
    <ClInclude Include="RawModelTypes.h">
      <Filter>Header Files\RawModel</Filter>
    </ClInclude>
    <ClInclude Include="RawModel.h">
      <Filter>Header Files\RawModel</Filter>
    </ClInclude>
  </ItemGroup>
  <ItemGroup>
    <ClCompile Include="stdafx.cpp">
      <Filter>Source Files</Filter>
    </ClCompile>
    <ClCompile Include="dllmain.cpp">
      <Filter>Source Files</Filter>
    </ClCompile>
    <ClCompile Include="ModelLib.cpp">
      <Filter>Source Files</Filter>
    </ClCompile>
    <ClCompile Include="XModelLib.cpp">
      <Filter>Source Files</Filter>
    </ClCompile>
    <ClCompile Include="RawModel.cpp">
      <Filter>Source Files\RawModel</Filter>
    </ClCompile>
  </ItemGroup>
</Project>