<?xml version="1.0" encoding="utf-8"?>
<Project ToolsVersion="4.0" xmlns="http://schemas.microsoft.com/developer/msbuild/2003">
  <ItemGroup>
    <Filter Include="Source Files">
      <UniqueIdentifier>{4FC737F1-C7A5-4376-A066-2A32D752A2FF}</UniqueIdentifier>
      <Extensions>cpp;c;cc;cxx;def;odl;idl;hpj;bat;asm;asmx</Extensions>
    </Filter>
    <Filter Include="Header Files">
      <UniqueIdentifier>{93995380-89BD-4b04-88EB-625FBE52EBFB}</UniqueIdentifier>
      <Extensions>h;hh;hpp;hxx;hm;inl;inc;xsd</Extensions>
    </Filter>
    <Filter Include="Header Files\RawModel">
      <UniqueIdentifier>{8e318376-4ecb-4918-8e5e-9288d4483348}</UniqueIdentifier>
    </Filter>
    <Filter Include="Source Files\RawModel">
      <UniqueIdentifier>{0f0b67d8-1a05-48c7-ae5d-188972383b7d}</UniqueIdentifier>
    </Filter>
    <Filter Include="Header Files\model">
      <UniqueIdentifier>{126cddf3-4a1c-41cd-a5e1-d0eff767fe1b}</UniqueIdentifier>
    </Filter>
    <Filter Include="Source Files\model">
      <UniqueIdentifier>{2311ee6b-483f-4b9c-a625-8a3272a66789}</UniqueIdentifier>
    </Filter>
    <Filter Include="Source Files\Lib">
      <UniqueIdentifier>{fc269000-baeb-4a36-a332-ed437891a8de}</UniqueIdentifier>
    </Filter>
    <Filter Include="Source Files\ConverterModule">
      <UniqueIdentifier>{951ff969-c05d-408d-89cb-67e3a11616a7}</UniqueIdentifier>
    </Filter>
    <Filter Include="Header Files\Lib">
      <UniqueIdentifier>{97c6cbdb-58ac-4605-9650-15a6c544c845}</UniqueIdentifier>
    </Filter>
    <Filter Include="Header Files\Util">
      <UniqueIdentifier>{40e50832-d32f-4ee6-9c24-a701b8ec6878}</UniqueIdentifier>
    </Filter>
    <Filter Include="Source Files\Util">
      <UniqueIdentifier>{03d4a191-c7b6-4a4e-9410-b762229293e2}</UniqueIdentifier>
    </Filter>
  </ItemGroup>
  <ItemGroup>
    <ClInclude Include="stdafx.h">
      <Filter>Header Files</Filter>
    </ClInclude>
    <ClInclude Include="RawModelTypes.h">
      <Filter>Header Files\RawModel</Filter>
    </ClInclude>
    <ClInclude Include="RawModel.h">
      <Filter>Header Files\RawModel</Filter>
    </ClInclude>
    <ClInclude Include="ModelCompiler.h">
      <Filter>Header Files\model</Filter>
    </ClInclude>
    <ClInclude Include="ModelSkeleton.h">
      <Filter>Header Files</Filter>
    </ClInclude>
    <ClInclude Include="FaceOptermize.h">
      <Filter>Header Files\model</Filter>
    </ClInclude>
    <ClInclude Include="XModelLib.h">
      <Filter>Header Files\Lib</Filter>
    </ClInclude>
    <ClInclude Include="ModelLib.h">
      <Filter>Header Files</Filter>
    </ClInclude>
    <ClInclude Include="Util\ModelUtil.h">
      <Filter>Header Files\Util</Filter>
    </ClInclude>
    <ClInclude Include="Model\XModel.h">
      <Filter>Header Files\model</Filter>
    </ClInclude>
    <ClInclude Include="Util\KDop.h">
      <Filter>Header Files\Util</Filter>
    </ClInclude>
  </ItemGroup>
  <ItemGroup>
    <ClCompile Include="stdafx.cpp">
      <Filter>Source Files</Filter>
    </ClCompile>
    <ClCompile Include="dllmain.cpp">
      <Filter>Source Files</Filter>
    </ClCompile>
    <ClCompile Include="RawModel.cpp">
      <Filter>Source Files\RawModel</Filter>
    </ClCompile>
    <ClCompile Include="RawModelTypes.cpp">
      <Filter>Source Files\RawModel</Filter>
    </ClCompile>
    <ClCompile Include="ModelCompiler.cpp">
      <Filter>Source Files\model</Filter>
    </ClCompile>
    <ClCompile Include="ModelSkeleton.cpp">
      <Filter>Source Files</Filter>
    </ClCompile>
    <ClCompile Include="FaceOptermize.cpp">
      <Filter>Source Files\model</Filter>
    </ClCompile>
    <ClCompile Include="ConverterLib.cpp">
      <Filter>Source Files\ConverterModule</Filter>
    </ClCompile>
    <ClCompile Include="XModelLib.cpp">
      <Filter>Source Files\Lib</Filter>
    </ClCompile>
    <ClCompile Include="Util\ModelUtil.cpp">
      <Filter>Source Files\Util</Filter>
    </ClCompile>
    <ClCompile Include="Model\XModel.cpp">
      <Filter>Source Files\model</Filter>
    </ClCompile>
    <ClCompile Include="Util\KDop.cpp">
      <Filter>Source Files\Util</Filter>
    </ClCompile>
  </ItemGroup>
  <ItemGroup>
    <None Include="Model\XModel.inl">
      <Filter>Header Files\model</Filter>
    </None>
  </ItemGroup>
</Project>