<?xml version="1.0" encoding="utf-8"?>
<Project ToolsVersion="4.0" xmlns="http://schemas.microsoft.com/developer/msbuild/2003">
  <ItemGroup>
    <Filter Include="Source Files">
      <UniqueIdentifier>{4FC737F1-C7A5-4376-A066-2A32D752A2FF}</UniqueIdentifier>
      <Extensions>cpp;c;cc;cxx;def;odl;idl;hpj;bat;asm;asmx</Extensions>
    </Filter>
    <Filter Include="Header Files">
      <UniqueIdentifier>{93995380-89BD-4b04-88EB-625FBE52EBFB}</UniqueIdentifier>
      <Extensions>h;hh;hpp;hxx;hm;inl;inc;xsd</Extensions>
    </Filter>
    <Filter Include="NullImplementation">
      <UniqueIdentifier>{9f90a8e0-2933-4792-a246-f710e6b13dd8}</UniqueIdentifier>
    </Filter>
    <Filter Include="ExtensionSystem">
      <UniqueIdentifier>{2e7d6035-ee5e-4181-acdd-748e67aeec35}</UniqueIdentifier>
    </Filter>
    <Filter Include="Source Files\Profile">
      <UniqueIdentifier>{e6a198f6-b7fe-4943-afa8-bde28cb2a259}</UniqueIdentifier>
    </Filter>
    <Filter Include="Header Files\Profile">
      <UniqueIdentifier>{14d0cb70-d03d-45bb-895f-68f32a0445ee}</UniqueIdentifier>
    </Filter>
    <Filter Include="Header Files\win32">
      <UniqueIdentifier>{b0dde02a-b5c8-4295-9942-bd35ca72a1a2}</UniqueIdentifier>
    </Filter>
    <Filter Include="Source Files\win32">
      <UniqueIdentifier>{9cb22ff1-6acd-4535-a134-eda65a43bf03}</UniqueIdentifier>
    </Filter>
    <Filter Include="Header Files\Scheduler">
      <UniqueIdentifier>{a1311543-62ae-4fd1-a483-c4a0b9fed607}</UniqueIdentifier>
    </Filter>
    <Filter Include="Header Files\FileSys">
      <UniqueIdentifier>{d182db23-54c6-474a-8e1b-b6764a5d0d8c}</UniqueIdentifier>
    </Filter>
    <Filter Include="Source Files\FileSys">
      <UniqueIdentifier>{c16af5aa-9d77-466b-b4a8-f296de522ba7}</UniqueIdentifier>
    </Filter>
    <Filter Include="Header Files\Vars">
      <UniqueIdentifier>{f6f4ce34-7c35-458f-9e8f-f582e246db14}</UniqueIdentifier>
    </Filter>
    <Filter Include="Source Files\Vars">
      <UniqueIdentifier>{989165e9-7a08-469d-a3c7-b16ff7556e3a}</UniqueIdentifier>
    </Filter>
    <Filter Include="Header Files\FileSys\win32">
      <UniqueIdentifier>{f97fc4a4-de72-4608-8575-abc51bf01dd8}</UniqueIdentifier>
    </Filter>
    <Filter Include="Source Files\FileSys\win32">
      <UniqueIdentifier>{a5155093-ab7e-4aed-ad3a-df9d86294760}</UniqueIdentifier>
    </Filter>
  </ItemGroup>
  <ItemGroup>
    <ClInclude Include="stdafx.h">
      <Filter>Header Files</Filter>
    </ClInclude>
    <ClInclude Include="Core.h">
      <Filter>Header Files</Filter>
    </ClInclude>
    <ClInclude Include="NullImplementation\NullInput.h">
      <Filter>NullImplementation</Filter>
    </ClInclude>
    <ClInclude Include="Timer.h">
      <Filter>Header Files</Filter>
    </ClInclude>
    <ClInclude Include="Console.h">
      <Filter>Header Files</Filter>
    </ClInclude>
    <ClInclude Include="ConsoleVariable.h">
      <Filter>Header Files</Filter>
    </ClInclude>
    <ClInclude Include="SystemTimer.h">
      <Filter>Header Files</Filter>
    </ClInclude>
    <ClInclude Include="Log.h">
      <Filter>Header Files</Filter>
    </ClInclude>
    <ClInclude Include="..\Common\ModuleExports.h">
      <Filter>Header Files</Filter>
    </ClInclude>
    <ClInclude Include="CoreEventDispatcher.h">
      <Filter>Header Files</Filter>
    </ClInclude>
    <ClInclude Include="XProfile.h">
      <Filter>Header Files\Profile</Filter>
    </ClInclude>
    <ClInclude Include="win32\SystemTimer.h">
      <Filter>Header Files\win32</Filter>
    </ClInclude>
    <ClInclude Include="PotatoFactoryRegistryImpl.h">
      <Filter>ExtensionSystem</Filter>
    </ClInclude>
    <ClInclude Include="NullImplementation\ConsoleNULL.h">
      <Filter>NullImplementation</Filter>
    </ClInclude>
    <ClInclude Include="Vars\ProfilerVars.h">
      <Filter>Header Files\Vars</Filter>
    </ClInclude>
    <ClInclude Include="Vars\CoreVars.h">
      <Filter>Header Files\Vars</Filter>
    </ClInclude>
    <ClInclude Include="FileSys\DiskFile.h">
      <Filter>Header Files\FileSys</Filter>
    </ClInclude>
    <ClInclude Include="FileSys\DiskFileAsync.h">
      <Filter>Header Files\FileSys</Filter>
    </ClInclude>
    <ClInclude Include="FileSys\OsFile.h">
      <Filter>Header Files\FileSys</Filter>
    </ClInclude>
    <ClInclude Include="FileSys\PathUtil.h">
      <Filter>Header Files\FileSys</Filter>
    </ClInclude>
    <ClInclude Include="FileSys\xFileSys.h">
      <Filter>Header Files\FileSys</Filter>
    </ClInclude>
    <ClInclude Include="FileSys\XFindData.h">
      <Filter>Header Files\FileSys</Filter>
    </ClInclude>
    <ClInclude Include="FileSys\win32\OsFile.h">
      <Filter>Header Files\FileSys\win32</Filter>
    </ClInclude>
    <ClInclude Include="FileSys\win32\OsFileAsync.h">
      <Filter>Header Files\FileSys\win32</Filter>
    </ClInclude>
    <ClInclude Include="FileSys\win32\OsFileAsyncOperation.h">
      <Filter>Header Files\FileSys\win32</Filter>
    </ClInclude>
    <ClInclude Include="FileSys\win32\OsFileModeFlags.h">
      <Filter>Header Files\FileSys\win32</Filter>
    </ClInclude>
    <ClInclude Include="FileSys\win32\PathUtil.h">
      <Filter>Header Files\FileSys\win32</Filter>
    </ClInclude>
    <ClInclude Include="FileSys\PakFileAsync.h">
      <Filter>Header Files\FileSys</Filter>
    </ClInclude>
    <ClInclude Include="Vars\FileSysVars.h">
      <Filter>Header Files\Vars</Filter>
    </ClInclude>
  </ItemGroup>
  <ItemGroup>
    <ClCompile Include="stdafx.cpp">
      <Filter>Source Files</Filter>
    </ClCompile>
    <ClCompile Include="DllMain.cpp">
      <Filter>Source Files</Filter>
    </ClCompile>
    <ClCompile Include="Core.cpp">
      <Filter>Source Files</Filter>
    </ClCompile>
    <ClCompile Include="CoreInit.cpp">
      <Filter>Source Files</Filter>
    </ClCompile>
    <ClCompile Include="Timer.cpp">
      <Filter>Source Files</Filter>
    </ClCompile>
    <ClCompile Include="Console.cpp">
      <Filter>Source Files</Filter>
    </ClCompile>
    <ClCompile Include="ConsoleVariable.cpp">
      <Filter>Source Files</Filter>
    </ClCompile>
    <ClCompile Include="Log.cpp">
      <Filter>Source Files</Filter>
    </ClCompile>
    <ClCompile Include="CoreEventDispatcher.cpp">
      <Filter>Source Files</Filter>
    </ClCompile>
    <ClCompile Include="win32\SystemTimer.cpp">
      <Filter>Source Files\win32</Filter>
    </ClCompile>
    <ClCompile Include="NullImplementation\NullInput.cpp">
      <Filter>NullImplementation</Filter>
    </ClCompile>
    <ClCompile Include="PotatoFactoryRegistryImpl.cpp">
      <Filter>ExtensionSystem</Filter>
    </ClCompile>
    <ClCompile Include="CoreUpdate.cpp">
      <Filter>Source Files</Filter>
    </ClCompile>
    <ClCompile Include="CoreJobs.cpp">
      <Filter>Source Files</Filter>
    </ClCompile>
    <ClCompile Include="NullImplementation\ConsoleNULL.cpp">
      <Filter>NullImplementation</Filter>
    </ClCompile>
    <ClCompile Include="Vars\ProfilerVars.cpp">
      <Filter>Source Files\Vars</Filter>
    </ClCompile>
    <ClCompile Include="Vars\CoreVars.cpp">
      <Filter>Source Files\Vars</Filter>
    </ClCompile>
    <ClCompile Include="Vars\FileSysVars.cpp">
      <Filter>Source Files\Vars</Filter>
    </ClCompile>
    <ClCompile Include="FileSys\DiskFile.cpp">
      <Filter>Source Files\FileSys</Filter>
    </ClCompile>
    <ClCompile Include="FileSys\DiskFileAsync.cpp">
      <Filter>Source Files\FileSys</Filter>
    </ClCompile>
    <ClCompile Include="FileSys\xFileSys.cpp">
      <Filter>Source Files\FileSys</Filter>
    </ClCompile>
    <ClCompile Include="FileSys\XFindData.cpp">
      <Filter>Source Files\FileSys</Filter>
    </ClCompile>
    <ClCompile Include="FileSys\win32\OsFile.cpp">
      <Filter>Source Files\FileSys\win32</Filter>
    </ClCompile>
    <ClCompile Include="FileSys\win32\OsFileAsync.cpp">
      <Filter>Source Files\FileSys\win32</Filter>
    </ClCompile>
    <ClCompile Include="FileSys\win32\PathUtil.cpp">
      <Filter>Source Files\FileSys\win32</Filter>
    </ClCompile>
    <ClCompile Include="Profile\XProfile.cpp">
      <Filter>Source Files\Profile</Filter>
    </ClCompile>
    <ClCompile Include="FileSys\PakFileAsync.cpp">
      <Filter>Source Files\FileSys</Filter>
    </ClCompile>
  </ItemGroup>
  <ItemGroup>
    <None Include="win32\SystemTimer.inl">
      <Filter>Header Files\win32</Filter>
    </None>
    <None Include="Console.inl">
      <Filter>Header Files</Filter>
    </None>
    <None Include="ConsoleVariable.inl">
      <Filter>Header Files</Filter>
    </None>
    <None Include="Core.inl">
      <Filter>Header Files</Filter>
    </None>
    <None Include="Vars\ProfilerVars.inl">
      <Filter>Header Files\Vars</Filter>
    </None>
    <None Include="XProfile.inl">
      <Filter>Header Files\Profile</Filter>
    </None>
    <None Include="Vars\CoreVars.inl">
      <Filter>Header Files\Vars</Filter>
    </None>
    <None Include="FileSys\win32\OsFileAsyncOperation.inl">
      <Filter>Header Files\FileSys\win32</Filter>
    </None>
  </ItemGroup>
</Project>