<?xml version="1.0" encoding="utf-8"?>
<Project ToolsVersion="4.0" xmlns="http://schemas.microsoft.com/developer/msbuild/2003">
  <ItemGroup>
    <Filter Include="Source Files">
      <UniqueIdentifier>{4FC737F1-C7A5-4376-A066-2A32D752A2FF}</UniqueIdentifier>
      <Extensions>cpp;c;cc;cxx;def;odl;idl;hpj;bat;asm;asmx</Extensions>
    </Filter>
    <Filter Include="Header Files">
      <UniqueIdentifier>{93995380-89BD-4b04-88EB-625FBE52EBFB}</UniqueIdentifier>
      <Extensions>h;hh;hpp;hxx;hm;inl;inc;xsd</Extensions>
    </Filter>
    <Filter Include="Resource Files">
      <UniqueIdentifier>{67DA6AB6-F800-4c08-8B7A-83BB121AAD01}</UniqueIdentifier>
      <Extensions>rc;ico;cur;bmp;dlg;rc2;rct;bin;rgs;gif;jpg;jpeg;jpe;resx;tiff;tif;png;wav;mfcribbon-ms</Extensions>
    </Filter>
    <Filter Include="Source Files\EngineModule">
      <UniqueIdentifier>{8fc20c0c-fcea-4d79-a303-c2298dc23fff}</UniqueIdentifier>
    </Filter>
    <Filter Include="Header Files\ECS">
      <UniqueIdentifier>{cb875e2e-f4d1-4c50-8b70-ec207bdb1e89}</UniqueIdentifier>
    </Filter>
    <Filter Include="Header Files\Vars">
      <UniqueIdentifier>{f5c90121-bbd0-4f50-8adb-2f83d7ec7b53}</UniqueIdentifier>
    </Filter>
    <Filter Include="Source Files\Vars">
      <UniqueIdentifier>{3d3b1f5b-6f42-47b1-985c-2ef055121f62}</UniqueIdentifier>
    </Filter>
    <Filter Include="Header Files\Enity">
      <UniqueIdentifier>{d790a810-514d-4cc7-8d82-ebcd76a6fae7}</UniqueIdentifier>
    </Filter>
    <Filter Include="Source Files\Entity">
      <UniqueIdentifier>{102af8c7-8234-46d9-898f-7bec384fa6de}</UniqueIdentifier>
    </Filter>
    <Filter Include="Header Files\Level">
      <UniqueIdentifier>{1bb2fc81-7c7f-49c2-affd-f303a0cff40b}</UniqueIdentifier>
    </Filter>
    <Filter Include="Source Files\Level">
      <UniqueIdentifier>{472eaa32-2158-4064-8e80-4ad49b57ce6f}</UniqueIdentifier>
    </Filter>
    <Filter Include="Header Files\UserCmds">
      <UniqueIdentifier>{dfd0fcff-e228-4d3c-be79-a32a97852f6b}</UniqueIdentifier>
    </Filter>
    <Filter Include="Source Files\UserCmds">
      <UniqueIdentifier>{454813b0-a6b0-474b-a81a-3f6101c37a1b}</UniqueIdentifier>
    </Filter>
    <Filter Include="Header Files\Weapon">
      <UniqueIdentifier>{d306c90c-8219-426d-84ec-4834b0cbcc88}</UniqueIdentifier>
    </Filter>
    <Filter Include="Source Files\Weapon">
      <UniqueIdentifier>{f6eedb93-d6f3-40f3-b0f8-46adbe6b99bc}</UniqueIdentifier>
    </Filter>
  </ItemGroup>
  <ItemGroup>
    <ClInclude Include="stdafx.h">
      <Filter>Header Files</Filter>
    </ClInclude>
    <ClInclude Include="Game.h">
      <Filter>Header Files</Filter>
    </ClInclude>
    <ClInclude Include="ECS\ComponentPool.h">
      <Filter>Header Files\ECS</Filter>
    </ClInclude>
    <ClInclude Include="ECS\Registry.h">
      <Filter>Header Files\ECS</Filter>
    </ClInclude>
    <ClInclude Include="Vars\GameVars.h">
      <Filter>Header Files\Vars</Filter>
    </ClInclude>
    <ClInclude Include="Enity\EnityComponents.h">
      <Filter>Header Files\Enity</Filter>
    </ClInclude>
    <ClInclude Include="Enity\EnitiySystem.h">
      <Filter>Header Files\Enity</Filter>
    </ClInclude>
    <ClInclude Include="Level\Level.h">
      <Filter>Header Files\Level</Filter>
    </ClInclude>
    <ClInclude Include="Enity\InputSys.h">
      <Filter>Header Files\Enity</Filter>
    </ClInclude>
    <ClInclude Include="Enity\CameraSys.h">
      <Filter>Header Files\Enity</Filter>
    </ClInclude>
    <ClInclude Include="Enity\PhysicsSystem.h">
      <Filter>Header Files\Enity</Filter>
    </ClInclude>
    <ClInclude Include="UserCmds\UserCmds.h">
      <Filter>Header Files\UserCmds</Filter>
    </ClInclude>
    <ClInclude Include="UserCmds\UserCmdMan.h">
      <Filter>Header Files\UserCmds</Filter>
    </ClInclude>
    <ClInclude Include="UserCmds\UserCmd.h">
      <Filter>Header Files\UserCmds</Filter>
    </ClInclude>
    <ClInclude Include="Enity\PlayerSys.h">
      <Filter>Header Files\Enity</Filter>
    </ClInclude>
    <ClInclude Include="Vars\PlayerVars.h">
      <Filter>Header Files\Vars</Filter>
    </ClInclude>
    <ClInclude Include="Enity\SoundSys.h">
      <Filter>Header Files\Enity</Filter>
    </ClInclude>
    <ClInclude Include="Enity\DataTranslator.h">
      <Filter>Header Files\Enity</Filter>
    </ClInclude>
    <ClInclude Include="Enity\AnimatedSys.h">
      <Filter>Header Files\Enity</Filter>
    </ClInclude>
    <ClInclude Include="Weapon\WeaponManager.h">
      <Filter>Header Files\Weapon</Filter>
    </ClInclude>
  </ItemGroup>
  <ItemGroup>
    <ClCompile Include="stdafx.cpp">
      <Filter>Source Files</Filter>
    </ClCompile>
    <ClCompile Include="Game.cpp">
      <Filter>Source Files</Filter>
    </ClCompile>
    <ClCompile Include="Module.cpp">
      <Filter>Source Files\EngineModule</Filter>
    </ClCompile>
    <ClCompile Include="Vars\GameVars.cpp">
      <Filter>Source Files\Vars</Filter>
    </ClCompile>
    <ClCompile Include="Enity\EnitiySystem.cpp">
      <Filter>Source Files\Entity</Filter>
    </ClCompile>
    <ClCompile Include="Level\Level.cpp">
      <Filter>Source Files\Level</Filter>
    </ClCompile>
    <ClCompile Include="Enity\InputSys.cpp">
      <Filter>Source Files\Entity</Filter>
    </ClCompile>
    <ClCompile Include="Enity\CameraSys.cpp">
      <Filter>Source Files\Entity</Filter>
    </ClCompile>
    <ClCompile Include="Enity\PhysicsSystem.cpp">
      <Filter>Source Files\Entity</Filter>
    </ClCompile>
    <ClCompile Include="UserCmds\UserCmds.cpp">
      <Filter>Source Files\UserCmds</Filter>
    </ClCompile>
    <ClCompile Include="UserCmds\UserCmdMan.cpp">
      <Filter>Source Files\UserCmds</Filter>
    </ClCompile>
    <ClCompile Include="Enity\PlayerSys.cpp">
      <Filter>Source Files\Entity</Filter>
    </ClCompile>
    <ClCompile Include="Vars\PlayerVars.cpp">
      <Filter>Source Files\Vars</Filter>
    </ClCompile>
    <ClCompile Include="Enity\SoundSys.cpp">
      <Filter>Source Files\Entity</Filter>
    </ClCompile>
    <ClCompile Include="Enity\AnimatedSys.cpp">
      <Filter>Source Files\Entity</Filter>
    </ClCompile>
    <ClCompile Include="Weapon\WeaponManager.cpp">
      <Filter>Source Files\Weapon</Filter>
    </ClCompile>
  </ItemGroup>
  <ItemGroup>
    <None Include="Vars\PlayerVars.inl">
      <Filter>Header Files\Vars</Filter>
    </None>
    <None Include="Enity\DataTranslator.inl">
      <Filter>Header Files\Enity</Filter>
    </None>
  </ItemGroup>
</Project>