<?xml version="1.0" encoding="utf-8"?>
<Project ToolsVersion="4.0" xmlns="http://schemas.microsoft.com/developer/msbuild/2003">
  <ItemGroup>
    <Filter Include="Source Files">
      <UniqueIdentifier>{4FC737F1-C7A5-4376-A066-2A32D752A2FF}</UniqueIdentifier>
      <Extensions>cpp;c;cc;cxx;def;odl;idl;hpj;bat;asm;asmx</Extensions>
    </Filter>
    <Filter Include="Header Files">
      <UniqueIdentifier>{93995380-89BD-4b04-88EB-625FBE52EBFB}</UniqueIdentifier>
      <Extensions>h;hh;hpp;hxx;hm;inl;inc;xsd</Extensions>
    </Filter>
    <Filter Include="Header Files\Util">
      <UniqueIdentifier>{b0559cf0-666d-4406-ae33-47fdbce1830d}</UniqueIdentifier>
    </Filter>
    <Filter Include="Header Files\Vars">
      <UniqueIdentifier>{f7c2d55c-9973-48c5-8b0e-10ba47420129}</UniqueIdentifier>
    </Filter>
    <Filter Include="Source Files\Util">
      <UniqueIdentifier>{cfe16a7d-3739-484a-9781-83597f0605be}</UniqueIdentifier>
    </Filter>
    <Filter Include="Source Files\Vars">
      <UniqueIdentifier>{c156cc61-a510-43d4-a89c-5b3075dc8797}</UniqueIdentifier>
    </Filter>
    <Filter Include="Header Files\DebugRender">
      <UniqueIdentifier>{6158b7a6-7b2f-4f67-a22a-b4bc0662ede2}</UniqueIdentifier>
    </Filter>
    <Filter Include="Source Files\DebugRender">
      <UniqueIdentifier>{0509623a-efb0-4c19-ac28-4031c29b8d0c}</UniqueIdentifier>
    </Filter>
    <Filter Include="Source Files\EngineModule">
      <UniqueIdentifier>{2074c190-9e17-48b0-861f-980b4ca2b208}</UniqueIdentifier>
    </Filter>
    <Filter Include="Source Files\ConverterModule">
      <UniqueIdentifier>{189550c8-1a09-471b-8165-4e959238475b}</UniqueIdentifier>
    </Filter>
    <Filter Include="Header Files\ConverterModule">
      <UniqueIdentifier>{233fcf05-deba-4db0-b8b8-978a044b1320}</UniqueIdentifier>
    </Filter>
  </ItemGroup>
  <ItemGroup>
    <ClInclude Include="stdafx.h">
      <Filter>Header Files</Filter>
    </ClInclude>
    <ClInclude Include="XPhysics.h">
      <Filter>Header Files</Filter>
    </ClInclude>
    <ClInclude Include="Stepper.h">
      <Filter>Header Files</Filter>
    </ClInclude>
    <ClInclude Include="Allocator.h">
      <Filter>Header Files\Util</Filter>
    </ClInclude>
    <ClInclude Include="CpuDispatcher.h">
      <Filter>Header Files\Util</Filter>
    </ClInclude>
    <ClInclude Include="Logger.h">
      <Filter>Header Files\Util</Filter>
    </ClInclude>
    <ClInclude Include="PhysicsVars.h">
      <Filter>Header Files\Vars</Filter>
    </ClInclude>
    <ClInclude Include="DebugRender.h">
      <Filter>Header Files\DebugRender</Filter>
    </ClInclude>
    <ClInclude Include="MathHelpers.h">
      <Filter>Header Files\Util</Filter>
    </ClInclude>
    <ClInclude Include="XPhysLib.h">
      <Filter>Header Files\ConverterModule</Filter>
    </ClInclude>
    <ClInclude Include="Cooking.h">
      <Filter>Header Files\ConverterModule</Filter>
    </ClInclude>
    <ClInclude Include="DelayLoadHook.h">
      <Filter>Header Files\Util</Filter>
    </ClInclude>
    <ClInclude Include="JointWrapper.h">
      <Filter>Header Files</Filter>
    </ClInclude>
    <ClInclude Include="ControllerWrapper.h">
      <Filter>Header Files</Filter>
    </ClInclude>
    <ClInclude Include="AssertHandler.h">
      <Filter>Header Files\Util</Filter>
    </ClInclude>
  </ItemGroup>
  <ItemGroup>
    <ClCompile Include="stdafx.cpp">
      <Filter>Source Files</Filter>
    </ClCompile>
    <ClCompile Include="XPhysics.cpp">
      <Filter>Source Files</Filter>
    </ClCompile>
    <ClCompile Include="Stepper.cpp">
      <Filter>Source Files</Filter>
    </ClCompile>
    <ClCompile Include="Allocator.cpp">
      <Filter>Source Files\Util</Filter>
    </ClCompile>
    <ClCompile Include="CpuDispatcher.cpp">
      <Filter>Source Files\Util</Filter>
    </ClCompile>
    <ClCompile Include="Logger.cpp">
      <Filter>Source Files\Util</Filter>
    </ClCompile>
    <ClCompile Include="PhysicsVars.cpp">
      <Filter>Source Files\Vars</Filter>
    </ClCompile>
    <ClCompile Include="DebugRender.cpp">
      <Filter>Source Files\DebugRender</Filter>
    </ClCompile>
    <ClCompile Include="Module.cpp">
      <Filter>Source Files\EngineModule</Filter>
    </ClCompile>
    <ClCompile Include="ConverterLib.cpp">
      <Filter>Source Files\ConverterModule</Filter>
    </ClCompile>
    <ClCompile Include="XPhysLib.cpp">
      <Filter>Source Files\ConverterModule</Filter>
    </ClCompile>
    <ClCompile Include="Cooking.cpp">
      <Filter>Source Files\ConverterModule</Filter>
    </ClCompile>
    <ClCompile Include="DelayLoadHook.cpp">
      <Filter>Source Files\Util</Filter>
    </ClCompile>
    <ClCompile Include="AssertHandler.cpp">
      <Filter>Source Files\Util</Filter>
    </ClCompile>
  </ItemGroup>
  <ItemGroup>
    <None Include="PhysicsVars.inl">
      <Filter>Header Files\Vars</Filter>
    </None>
    <None Include="XPhysics.inl">
      <Filter>Header Files</Filter>
    </None>
    <None Include="Stepper.inl">
      <Filter>Header Files</Filter>
    </None>
    <None Include="JointWrapper.inl">
      <Filter>Header Files</Filter>
    </None>
    <None Include="ControllerWrapper.inl">
      <Filter>Header Files</Filter>
    </None>
  </ItemGroup>
</Project>