<?xml version="1.0" encoding="utf-8"?>
<Project ToolsVersion="4.0" xmlns="http://schemas.microsoft.com/developer/msbuild/2003">
  <ItemGroup>
    <Filter Include="Source Files">
      <UniqueIdentifier>{4FC737F1-C7A5-4376-A066-2A32D752A2FF}</UniqueIdentifier>
      <Extensions>cpp;c;cc;cxx;def;odl;idl;hpj;bat;asm;asmx</Extensions>
    </Filter>
    <Filter Include="Header Files">
      <UniqueIdentifier>{93995380-89BD-4b04-88EB-625FBE52EBFB}</UniqueIdentifier>
      <Extensions>h;hh;hpp;hxx;hm;inl;inc;xsd</Extensions>
    </Filter>
    <Filter Include="Resource Files">
      <UniqueIdentifier>{67DA6AB6-F800-4c08-8B7A-83BB121AAD01}</UniqueIdentifier>
      <Extensions>rc;ico;cur;bmp;dlg;rc2;rct;bin;rgs;gif;jpg;jpeg;jpe;resx;tiff;tif;png;wav;mfcribbon-ms</Extensions>
    </Filter>
    <Filter Include="Source Files\EngineModule">
      <UniqueIdentifier>{f7af34a7-e77b-4e52-b8da-41ef7bcc326d}</UniqueIdentifier>
    </Filter>
    <Filter Include="Source Files\libyuv">
      <UniqueIdentifier>{b7c6e084-7595-499c-a3f5-bb767b2bf2b9}</UniqueIdentifier>
    </Filter>
    <Filter Include="Source Files\Vars">
      <UniqueIdentifier>{bffed075-2ae0-4c43-8a0c-9d8a24813ce5}</UniqueIdentifier>
    </Filter>
    <Filter Include="Header Files\Vars">
      <UniqueIdentifier>{41cdde21-1c3c-4509-8fd1-213427ce158d}</UniqueIdentifier>
    </Filter>
  </ItemGroup>
  <ItemGroup>
    <ClInclude Include="stdafx.h">
      <Filter>Header Files</Filter>
    </ClInclude>
    <ClInclude Include="XVideoSys.h">
      <Filter>Header Files</Filter>
    </ClInclude>
    <ClInclude Include="XVideo.h">
      <Filter>Header Files</Filter>
    </ClInclude>
    <ClInclude Include="IVFTypes.h">
      <Filter>Header Files</Filter>
    </ClInclude>
    <ClInclude Include="Vars\VideoVars.h">
      <Filter>Header Files\Vars</Filter>
    </ClInclude>
  </ItemGroup>
  <ItemGroup>
    <ClCompile Include="stdafx.cpp">
      <Filter>Source Files</Filter>
    </ClCompile>
    <ClCompile Include="Module.cpp">
      <Filter>Source Files\EngineModule</Filter>
    </ClCompile>
    <ClCompile Include="..\..\3rdparty\source\libyuv\source\convert_argb.cc">
      <Filter>Source Files\libyuv</Filter>
    </ClCompile>
    <ClCompile Include="..\..\3rdparty\source\libyuv\source\cpu_id.cc">
      <Filter>Source Files\libyuv</Filter>
    </ClCompile>
    <ClCompile Include="..\..\3rdparty\source\libyuv\source\planar_functions.cc">
      <Filter>Source Files\libyuv</Filter>
    </ClCompile>
    <ClCompile Include="..\..\3rdparty\source\libyuv\source\row_any.cc">
      <Filter>Source Files\libyuv</Filter>
    </ClCompile>
    <ClCompile Include="..\..\3rdparty\source\libyuv\source\row_common.cc">
      <Filter>Source Files\libyuv</Filter>
    </ClCompile>
    <ClCompile Include="..\..\3rdparty\source\libyuv\source\row_win.cc">
      <Filter>Source Files\libyuv</Filter>
    </ClCompile>
    <ClCompile Include="..\..\3rdparty\source\libyuv\source\rotate_any.cc">
      <Filter>Source Files\libyuv</Filter>
    </ClCompile>
    <ClCompile Include="..\..\3rdparty\source\libyuv\source\rotate_common.cc">
      <Filter>Source Files\libyuv</Filter>
    </ClCompile>
    <ClCompile Include="..\..\3rdparty\source\libyuv\source\rotate_win.cc">
      <Filter>Source Files\libyuv</Filter>
    </ClCompile>
    <ClCompile Include="..\..\3rdparty\source\libyuv\source\scale.cc">
      <Filter>Source Files\libyuv</Filter>
    </ClCompile>
    <ClCompile Include="..\..\3rdparty\source\libyuv\source\scale_any.cc">
      <Filter>Source Files\libyuv</Filter>
    </ClCompile>
    <ClCompile Include="..\..\3rdparty\source\libyuv\source\scale_win.cc">
      <Filter>Source Files\libyuv</Filter>
    </ClCompile>
    <ClCompile Include="..\..\3rdparty\source\libyuv\source\scale_common.cc">
      <Filter>Source Files\libyuv</Filter>
    </ClCompile>
    <ClCompile Include="XVideoSys.cpp">
      <Filter>Source Files</Filter>
    </ClCompile>
    <ClCompile Include="XVideo.cpp">
      <Filter>Source Files</Filter>
    </ClCompile>
    <ClCompile Include="Vars\VideoVars.cpp">
      <Filter>Source Files\Vars</Filter>
    </ClCompile>
  </ItemGroup>
  <ItemGroup>
    <None Include="XVideo.inl">
      <Filter>Header Files</Filter>
    </None>
    <None Include="Vars\VideoVars.inl">
      <Filter>Header Files\Vars</Filter>
    </None>
  </ItemGroup>
</Project>